// !$*UTF8*$!
{
	archiveVersion = 1;
	classes = {
	};
	objectVersion = 42;
	objects = {

/* Begin PBXBuildFile section */
		27E93B4E1333D594002D43F8 /* ofx3dGraphics.cpp in Sources */ = {isa = PBXBuildFile; fileRef = 27E93B0F1333D594002D43F8 /* ofx3dGraphics.cpp */; };
		27E93B4F1333D594002D43F8 /* guiBaseObject.cpp in Sources */ = {isa = PBXBuildFile; fileRef = 27E93B141333D594002D43F8 /* guiBaseObject.cpp */; };
		27E93B501333D594002D43F8 /* guiCallback.cpp in Sources */ = {isa = PBXBuildFile; fileRef = 27E93B161333D594002D43F8 /* guiCallback.cpp */; };
		27E93B511333D594002D43F8 /* guiCallbackValue.cpp in Sources */ = {isa = PBXBuildFile; fileRef = 27E93B181333D594002D43F8 /* guiCallbackValue.cpp */; };
		27E93B521333D594002D43F8 /* guiColor.cpp in Sources */ = {isa = PBXBuildFile; fileRef = 27E93B1A1333D594002D43F8 /* guiColor.cpp */; };
		27E93B531333D594002D43F8 /* guiTextBase.cpp in Sources */ = {isa = PBXBuildFile; fileRef = 27E93B1E1333D594002D43F8 /* guiTextBase.cpp */; };
		27E93B541333D594002D43F8 /* guiType2DSlider.cpp in Sources */ = {isa = PBXBuildFile; fileRef = 27E93B201333D594002D43F8 /* guiType2DSlider.cpp */; };
		27E93B551333D594002D43F8 /* guiTypeButtonSlider.cpp in Sources */ = {isa = PBXBuildFile; fileRef = 27E93B221333D594002D43F8 /* guiTypeButtonSlider.cpp */; };
		27E93B561333D594002D43F8 /* guiTypeChartPlotter.cpp in Sources */ = {isa = PBXBuildFile; fileRef = 27E93B241333D594002D43F8 /* guiTypeChartPlotter.cpp */; };
		27E93B571333D594002D43F8 /* guiTypeCustom.cpp in Sources */ = {isa = PBXBuildFile; fileRef = 27E93B261333D594002D43F8 /* guiTypeCustom.cpp */; };
		27E93B581333D594002D43F8 /* guiTypeDrawable.cpp in Sources */ = {isa = PBXBuildFile; fileRef = 27E93B281333D594002D43F8 /* guiTypeDrawable.cpp */; };
		27E93B591333D594002D43F8 /* guiTypeFileLister.cpp in Sources */ = {isa = PBXBuildFile; fileRef = 27E93B2A1333D594002D43F8 /* guiTypeFileLister.cpp */; };
		27E93B5A1333D594002D43F8 /* guiTypeLabel.cpp in Sources */ = {isa = PBXBuildFile; fileRef = 27E93B2C1333D594002D43F8 /* guiTypeLabel.cpp */; };
		27E93B5B1333D594002D43F8 /* guiTypeLogger.cpp in Sources */ = {isa = PBXBuildFile; fileRef = 27E93B2E1333D594002D43F8 /* guiTypeLogger.cpp */; };
		27E93B5C1333D594002D43F8 /* guiTypeMultiToggle.cpp in Sources */ = {isa = PBXBuildFile; fileRef = 27E93B301333D594002D43F8 /* guiTypeMultiToggle.cpp */; };
		27E93B5D1333D594002D43F8 /* guiTypePanel.cpp in Sources */ = {isa = PBXBuildFile; fileRef = 27E93B321333D594002D43F8 /* guiTypePanel.cpp */; };
		27E93B5E1333D594002D43F8 /* guiTypeSlider.cpp in Sources */ = {isa = PBXBuildFile; fileRef = 27E93B341333D594002D43F8 /* guiTypeSlider.cpp */; };
		27E93B5F1333D594002D43F8 /* guiTypeText.cpp in Sources */ = {isa = PBXBuildFile; fileRef = 27E93B361333D594002D43F8 /* guiTypeText.cpp */; };
		27E93B601333D594002D43F8 /* guiTypeTextDropDown.cpp in Sources */ = {isa = PBXBuildFile; fileRef = 27E93B381333D594002D43F8 /* guiTypeTextDropDown.cpp */; };
		27E93B611333D594002D43F8 /* guiTypeTextInput.cpp in Sources */ = {isa = PBXBuildFile; fileRef = 27E93B3A1333D594002D43F8 /* guiTypeTextInput.cpp */; };
		27E93B621333D594002D43F8 /* guiTypeToggle.cpp in Sources */ = {isa = PBXBuildFile; fileRef = 27E93B3C1333D594002D43F8 /* guiTypeToggle.cpp */; };
		27E93B631333D594002D43F8 /* guiTypeVairableLister.cpp in Sources */ = {isa = PBXBuildFile; fileRef = 27E93B3E1333D594002D43F8 /* guiTypeVairableLister.cpp */; };
		27E93B641333D594002D43F8 /* guiTypeVideo.cpp in Sources */ = {isa = PBXBuildFile; fileRef = 27E93B401333D594002D43F8 /* guiTypeVideo.cpp */; };
		27E93B651333D594002D43F8 /* guiValue.cpp in Sources */ = {isa = PBXBuildFile; fileRef = 27E93B421333D594002D43F8 /* guiValue.cpp */; };
		27E93B661333D594002D43F8 /* ofxControlPanel.cpp in Sources */ = {isa = PBXBuildFile; fileRef = 27E93B461333D594002D43F8 /* ofxControlPanel.cpp */; };
		27E93B671333D594002D43F8 /* simpleColor.cpp in Sources */ = {isa = PBXBuildFile; fileRef = 27E93B481333D594002D43F8 /* simpleColor.cpp */; };
		27E93B681333D594002D43F8 /* simpleFileLister.cpp in Sources */ = {isa = PBXBuildFile; fileRef = 27E93B4A1333D594002D43F8 /* simpleFileLister.cpp */; };
		27E93B691333D594002D43F8 /* simpleLogger.cpp in Sources */ = {isa = PBXBuildFile; fileRef = 27E93B4C1333D594002D43F8 /* simpleLogger.cpp */; };
		27E93B7C1333D649002D43F8 /* ofxMatrix3x3.cpp in Sources */ = {isa = PBXBuildFile; fileRef = 27E93B6F1333D649002D43F8 /* ofxMatrix3x3.cpp */; };
		27E93B7D1333D649002D43F8 /* ofxMatrix4x4.cpp in Sources */ = {isa = PBXBuildFile; fileRef = 27E93B711333D649002D43F8 /* ofxMatrix4x4.cpp */; };
		27E93B7E1333D649002D43F8 /* ofxQuaternion.cpp in Sources */ = {isa = PBXBuildFile; fileRef = 27E93B761333D649002D43F8 /* ofxQuaternion.cpp */; };
		27E93B941333D6A4002D43F8 /* ofxDirList.cpp in Sources */ = {isa = PBXBuildFile; fileRef = 27E93B881333D6A4002D43F8 /* ofxDirList.cpp */; };
		27E93B951333D6A4002D43F8 /* tinyxml.cpp in Sources */ = {isa = PBXBuildFile; fileRef = 27E93B8D1333D6A4002D43F8 /* tinyxml.cpp */; };
		27E93B961333D6A4002D43F8 /* tinyxmlerror.cpp in Sources */ = {isa = PBXBuildFile; fileRef = 27E93B8F1333D6A4002D43F8 /* tinyxmlerror.cpp */; };
		27E93B971333D6A4002D43F8 /* tinyxmlparser.cpp in Sources */ = {isa = PBXBuildFile; fileRef = 27E93B901333D6A4002D43F8 /* tinyxmlparser.cpp */; };
		27E93B981333D6A4002D43F8 /* ofxXmlSettings.cpp in Sources */ = {isa = PBXBuildFile; fileRef = 27E93B921333D6A4002D43F8 /* ofxXmlSettings.cpp */; };
		E45BE0AA0E8CC67C009D7055 /* GLee.a in Frameworks */ = {isa = PBXBuildFile; fileRef = E45BE0A90E8CC67C009D7055 /* GLee.a */; };
		E45BE2E40E8CC69C009D7055 /* rtAudio.a in Frameworks */ = {isa = PBXBuildFile; fileRef = E45BE2E30E8CC69C009D7055 /* rtAudio.a */; };
		E45BE97B0E8CC7DD009D7055 /* AGL.framework in Frameworks */ = {isa = PBXBuildFile; fileRef = E45BE9710E8CC7DD009D7055 /* AGL.framework */; };
		E45BE97C0E8CC7DD009D7055 /* ApplicationServices.framework in Frameworks */ = {isa = PBXBuildFile; fileRef = E45BE9720E8CC7DD009D7055 /* ApplicationServices.framework */; };
		E45BE97D0E8CC7DD009D7055 /* AudioToolbox.framework in Frameworks */ = {isa = PBXBuildFile; fileRef = E45BE9730E8CC7DD009D7055 /* AudioToolbox.framework */; };
		E45BE97E0E8CC7DD009D7055 /* Carbon.framework in Frameworks */ = {isa = PBXBuildFile; fileRef = E45BE9740E8CC7DD009D7055 /* Carbon.framework */; };
		E45BE97F0E8CC7DD009D7055 /* CoreAudio.framework in Frameworks */ = {isa = PBXBuildFile; fileRef = E45BE9750E8CC7DD009D7055 /* CoreAudio.framework */; };
		E45BE9800E8CC7DD009D7055 /* CoreFoundation.framework in Frameworks */ = {isa = PBXBuildFile; fileRef = E45BE9760E8CC7DD009D7055 /* CoreFoundation.framework */; };
		E45BE9810E8CC7DD009D7055 /* CoreServices.framework in Frameworks */ = {isa = PBXBuildFile; fileRef = E45BE9770E8CC7DD009D7055 /* CoreServices.framework */; };
		E45BE9830E8CC7DD009D7055 /* OpenGL.framework in Frameworks */ = {isa = PBXBuildFile; fileRef = E45BE9790E8CC7DD009D7055 /* OpenGL.framework */; };
		E45BE9840E8CC7DD009D7055 /* QuickTime.framework in Frameworks */ = {isa = PBXBuildFile; fileRef = E45BE97A0E8CC7DD009D7055 /* QuickTime.framework */; };
		E4B69E200A3A1BDC003C02F2 /* main.cpp in Sources */ = {isa = PBXBuildFile; fileRef = E4B69E1D0A3A1BDC003C02F2 /* main.cpp */; };
		E4B69E210A3A1BDC003C02F2 /* testApp.cpp in Sources */ = {isa = PBXBuildFile; fileRef = E4B69E1E0A3A1BDC003C02F2 /* testApp.cpp */; };
		E4C2422B10CC554B004149E2 /* openFrameworksDebug.a in Frameworks */ = {isa = PBXBuildFile; fileRef = E4C2421E10CC549C004149E2 /* openFrameworksDebug.a */; };
		E4C2424710CC5A17004149E2 /* AppKit.framework in Frameworks */ = {isa = PBXBuildFile; fileRef = E4C2424410CC5A17004149E2 /* AppKit.framework */; };
		E4C2424810CC5A17004149E2 /* Cocoa.framework in Frameworks */ = {isa = PBXBuildFile; fileRef = E4C2424510CC5A17004149E2 /* Cocoa.framework */; };
		E4C2424910CC5A17004149E2 /* IOKit.framework in Frameworks */ = {isa = PBXBuildFile; fileRef = E4C2424610CC5A17004149E2 /* IOKit.framework */; };
		E4C2426610CC5A78004149E2 /* GLUT.framework in Frameworks */ = {isa = PBXBuildFile; fileRef = E4C2425F10CC5A78004149E2 /* GLUT.framework */; };
		E4C2426B10CC5AA6004149E2 /* GLUT.framework in CopyFiles */ = {isa = PBXBuildFile; fileRef = E4C2425F10CC5A78004149E2 /* GLUT.framework */; };
		E4C2427F10CC5B66004149E2 /* CppUnit.a in Frameworks */ = {isa = PBXBuildFile; fileRef = E4C2427A10CC5B66004149E2 /* CppUnit.a */; };
		E4C2428010CC5B66004149E2 /* PocoFoundation.a in Frameworks */ = {isa = PBXBuildFile; fileRef = E4C2427B10CC5B66004149E2 /* PocoFoundation.a */; };
		E4C2428110CC5B66004149E2 /* PocoNet.a in Frameworks */ = {isa = PBXBuildFile; fileRef = E4C2427C10CC5B66004149E2 /* PocoNet.a */; };
		E4C2428210CC5B66004149E2 /* PocoUtil.a in Frameworks */ = {isa = PBXBuildFile; fileRef = E4C2427D10CC5B66004149E2 /* PocoUtil.a */; };
		E4C2428310CC5B66004149E2 /* PocoXML.a in Frameworks */ = {isa = PBXBuildFile; fileRef = E4C2427E10CC5B66004149E2 /* PocoXML.a */; };
		E4C2429410CC5C38004149E2 /* freetype.a in Frameworks */ = {isa = PBXBuildFile; fileRef = E4C2429310CC5C38004149E2 /* freetype.a */; };
		E4C242CD10CC650E004149E2 /* libfmodex.dylib in Frameworks */ = {isa = PBXBuildFile; fileRef = E4C242CC10CC650E004149E2 /* libfmodex.dylib */; };
		E4C2443910CC7693004149E2 /* openFrameworks-Info.plist in CopyFiles */ = {isa = PBXBuildFile; fileRef = E4B6FCAD0C3E899E008CF71C /* openFrameworks-Info.plist */; };
		E4C246DA10CCAE22004149E2 /* freeimage.a in Frameworks */ = {isa = PBXBuildFile; fileRef = E4C246D910CCAE22004149E2 /* freeimage.a */; };
/* End PBXBuildFile section */

/* Begin PBXContainerItemProxy section */
		E4C2421D10CC549C004149E2 /* PBXContainerItemProxy */ = {
			isa = PBXContainerItemProxy;
			containerPortal = E4C2421610CC549C004149E2 /* openFrameworksLib.xcodeproj */;
			proxyType = 2;
			remoteGlobalIDString = E4B27C1510CBEB8E00536013;
			remoteInfo = openFrameworks;
		};
		E4C2422710CC54DA004149E2 /* PBXContainerItemProxy */ = {
			isa = PBXContainerItemProxy;
			containerPortal = E4C2421610CC549C004149E2 /* openFrameworksLib.xcodeproj */;
			proxyType = 1;
			remoteGlobalIDString = E4B27C1410CBEB8E00536013;
			remoteInfo = openFrameworks;
		};
/* End PBXContainerItemProxy section */

/* Begin PBXCopyFilesBuildPhase section */
		E4C2427710CC5ABF004149E2 /* CopyFiles */ = {
			isa = PBXCopyFilesBuildPhase;
			buildActionMask = 2147483647;
			dstPath = "";
			dstSubfolderSpec = 10;
			files = (
				E4C2426B10CC5AA6004149E2 /* GLUT.framework in CopyFiles */,
			);
			runOnlyForDeploymentPostprocessing = 0;
		};
		E4C2444710CC769B004149E2 /* CopyFiles */ = {
			isa = PBXCopyFilesBuildPhase;
			buildActionMask = 2147483647;
			dstPath = "";
			dstSubfolderSpec = 7;
			files = (
				E4C2443910CC7693004149E2 /* openFrameworks-Info.plist in CopyFiles */,
			);
			runOnlyForDeploymentPostprocessing = 0;
		};
/* End PBXCopyFilesBuildPhase section */

/* Begin PBXFileReference section */
		27E93B0F1333D594002D43F8 /* ofx3dGraphics.cpp */ = {isa = PBXFileReference; fileEncoding = 4; lastKnownFileType = sourcecode.cpp.cpp; name = ofx3dGraphics.cpp; path = src/utils/ofx3dGraphics.cpp; sourceTree = SOURCE_ROOT; };
		27E93B101333D594002D43F8 /* ofx3dGraphics.h */ = {isa = PBXFileReference; fileEncoding = 4; lastKnownFileType = sourcecode.c.h; name = ofx3dGraphics.h; path = src/utils/ofx3dGraphics.h; sourceTree = SOURCE_ROOT; };
		27E93B121333D594002D43F8 /* ofxAutoControlPanel.h */ = {isa = PBXFileReference; fileEncoding = 4; lastKnownFileType = sourcecode.c.h; name = ofxAutoControlPanel.h; path = src/utils/ofxControlPanel/ofxAutoControlPanel.h; sourceTree = SOURCE_ROOT; };
		27E93B141333D594002D43F8 /* guiBaseObject.cpp */ = {isa = PBXFileReference; fileEncoding = 4; lastKnownFileType = sourcecode.cpp.cpp; name = guiBaseObject.cpp; path = src/utils/ofxControlPanel/src/guiBaseObject.cpp; sourceTree = SOURCE_ROOT; };
		27E93B151333D594002D43F8 /* guiBaseObject.h */ = {isa = PBXFileReference; fileEncoding = 4; lastKnownFileType = sourcecode.c.h; name = guiBaseObject.h; path = src/utils/ofxControlPanel/src/guiBaseObject.h; sourceTree = SOURCE_ROOT; };
		27E93B161333D594002D43F8 /* guiCallback.cpp */ = {isa = PBXFileReference; fileEncoding = 4; lastKnownFileType = sourcecode.cpp.cpp; name = guiCallback.cpp; path = src/utils/ofxControlPanel/src/guiCallback.cpp; sourceTree = SOURCE_ROOT; };
		27E93B171333D594002D43F8 /* guiCallback.h */ = {isa = PBXFileReference; fileEncoding = 4; lastKnownFileType = sourcecode.c.h; name = guiCallback.h; path = src/utils/ofxControlPanel/src/guiCallback.h; sourceTree = SOURCE_ROOT; };
		27E93B181333D594002D43F8 /* guiCallbackValue.cpp */ = {isa = PBXFileReference; fileEncoding = 4; lastKnownFileType = sourcecode.cpp.cpp; name = guiCallbackValue.cpp; path = src/utils/ofxControlPanel/src/guiCallbackValue.cpp; sourceTree = SOURCE_ROOT; };
		27E93B191333D594002D43F8 /* guiCallbackValue.h */ = {isa = PBXFileReference; fileEncoding = 4; lastKnownFileType = sourcecode.c.h; name = guiCallbackValue.h; path = src/utils/ofxControlPanel/src/guiCallbackValue.h; sourceTree = SOURCE_ROOT; };
		27E93B1A1333D594002D43F8 /* guiColor.cpp */ = {isa = PBXFileReference; fileEncoding = 4; lastKnownFileType = sourcecode.cpp.cpp; name = guiColor.cpp; path = src/utils/ofxControlPanel/src/guiColor.cpp; sourceTree = SOURCE_ROOT; };
		27E93B1B1333D594002D43F8 /* guiColor.h */ = {isa = PBXFileReference; fileEncoding = 4; lastKnownFileType = sourcecode.c.h; name = guiColor.h; path = src/utils/ofxControlPanel/src/guiColor.h; sourceTree = SOURCE_ROOT; };
		27E93B1C1333D594002D43F8 /* guiCustomImpl.h */ = {isa = PBXFileReference; fileEncoding = 4; lastKnownFileType = sourcecode.c.h; name = guiCustomImpl.h; path = src/utils/ofxControlPanel/src/guiCustomImpl.h; sourceTree = SOURCE_ROOT; };
		27E93B1D1333D594002D43F8 /* guiIncludes.h */ = {isa = PBXFileReference; fileEncoding = 4; lastKnownFileType = sourcecode.c.h; name = guiIncludes.h; path = src/utils/ofxControlPanel/src/guiIncludes.h; sourceTree = SOURCE_ROOT; };
		27E93B1E1333D594002D43F8 /* guiTextBase.cpp */ = {isa = PBXFileReference; fileEncoding = 4; lastKnownFileType = sourcecode.cpp.cpp; name = guiTextBase.cpp; path = src/utils/ofxControlPanel/src/guiTextBase.cpp; sourceTree = SOURCE_ROOT; };
		27E93B1F1333D594002D43F8 /* guiTextBase.h */ = {isa = PBXFileReference; fileEncoding = 4; lastKnownFileType = sourcecode.c.h; name = guiTextBase.h; path = src/utils/ofxControlPanel/src/guiTextBase.h; sourceTree = SOURCE_ROOT; };
		27E93B201333D594002D43F8 /* guiType2DSlider.cpp */ = {isa = PBXFileReference; fileEncoding = 4; lastKnownFileType = sourcecode.cpp.cpp; name = guiType2DSlider.cpp; path = src/utils/ofxControlPanel/src/guiType2DSlider.cpp; sourceTree = SOURCE_ROOT; };
		27E93B211333D594002D43F8 /* guiType2DSlider.h */ = {isa = PBXFileReference; fileEncoding = 4; lastKnownFileType = sourcecode.c.h; name = guiType2DSlider.h; path = src/utils/ofxControlPanel/src/guiType2DSlider.h; sourceTree = SOURCE_ROOT; };
		27E93B221333D594002D43F8 /* guiTypeButtonSlider.cpp */ = {isa = PBXFileReference; fileEncoding = 4; lastKnownFileType = sourcecode.cpp.cpp; name = guiTypeButtonSlider.cpp; path = src/utils/ofxControlPanel/src/guiTypeButtonSlider.cpp; sourceTree = SOURCE_ROOT; };
		27E93B231333D594002D43F8 /* guiTypeButtonSlider.h */ = {isa = PBXFileReference; fileEncoding = 4; lastKnownFileType = sourcecode.c.h; name = guiTypeButtonSlider.h; path = src/utils/ofxControlPanel/src/guiTypeButtonSlider.h; sourceTree = SOURCE_ROOT; };
		27E93B241333D594002D43F8 /* guiTypeChartPlotter.cpp */ = {isa = PBXFileReference; fileEncoding = 4; lastKnownFileType = sourcecode.cpp.cpp; name = guiTypeChartPlotter.cpp; path = src/utils/ofxControlPanel/src/guiTypeChartPlotter.cpp; sourceTree = SOURCE_ROOT; };
		27E93B251333D594002D43F8 /* guiTypeChartPlotter.h */ = {isa = PBXFileReference; fileEncoding = 4; lastKnownFileType = sourcecode.c.h; name = guiTypeChartPlotter.h; path = src/utils/ofxControlPanel/src/guiTypeChartPlotter.h; sourceTree = SOURCE_ROOT; };
		27E93B261333D594002D43F8 /* guiTypeCustom.cpp */ = {isa = PBXFileReference; fileEncoding = 4; lastKnownFileType = sourcecode.cpp.cpp; name = guiTypeCustom.cpp; path = src/utils/ofxControlPanel/src/guiTypeCustom.cpp; sourceTree = SOURCE_ROOT; };
		27E93B271333D594002D43F8 /* guiTypeCustom.h */ = {isa = PBXFileReference; fileEncoding = 4; lastKnownFileType = sourcecode.c.h; name = guiTypeCustom.h; path = src/utils/ofxControlPanel/src/guiTypeCustom.h; sourceTree = SOURCE_ROOT; };
		27E93B281333D594002D43F8 /* guiTypeDrawable.cpp */ = {isa = PBXFileReference; fileEncoding = 4; lastKnownFileType = sourcecode.cpp.cpp; name = guiTypeDrawable.cpp; path = src/utils/ofxControlPanel/src/guiTypeDrawable.cpp; sourceTree = SOURCE_ROOT; };
		27E93B291333D594002D43F8 /* guiTypeDrawable.h */ = {isa = PBXFileReference; fileEncoding = 4; lastKnownFileType = sourcecode.c.h; name = guiTypeDrawable.h; path = src/utils/ofxControlPanel/src/guiTypeDrawable.h; sourceTree = SOURCE_ROOT; };
		27E93B2A1333D594002D43F8 /* guiTypeFileLister.cpp */ = {isa = PBXFileReference; fileEncoding = 4; lastKnownFileType = sourcecode.cpp.cpp; name = guiTypeFileLister.cpp; path = src/utils/ofxControlPanel/src/guiTypeFileLister.cpp; sourceTree = SOURCE_ROOT; };
		27E93B2B1333D594002D43F8 /* guiTypeFileLister.h */ = {isa = PBXFileReference; fileEncoding = 4; lastKnownFileType = sourcecode.c.h; name = guiTypeFileLister.h; path = src/utils/ofxControlPanel/src/guiTypeFileLister.h; sourceTree = SOURCE_ROOT; };
		27E93B2C1333D594002D43F8 /* guiTypeLabel.cpp */ = {isa = PBXFileReference; fileEncoding = 4; lastKnownFileType = sourcecode.cpp.cpp; name = guiTypeLabel.cpp; path = src/utils/ofxControlPanel/src/guiTypeLabel.cpp; sourceTree = SOURCE_ROOT; };
		27E93B2D1333D594002D43F8 /* guiTypeLabel.h */ = {isa = PBXFileReference; fileEncoding = 4; lastKnownFileType = sourcecode.c.h; name = guiTypeLabel.h; path = src/utils/ofxControlPanel/src/guiTypeLabel.h; sourceTree = SOURCE_ROOT; };
		27E93B2E1333D594002D43F8 /* guiTypeLogger.cpp */ = {isa = PBXFileReference; fileEncoding = 4; lastKnownFileType = sourcecode.cpp.cpp; name = guiTypeLogger.cpp; path = src/utils/ofxControlPanel/src/guiTypeLogger.cpp; sourceTree = SOURCE_ROOT; };
		27E93B2F1333D594002D43F8 /* guiTypeLogger.h */ = {isa = PBXFileReference; fileEncoding = 4; lastKnownFileType = sourcecode.c.h; name = guiTypeLogger.h; path = src/utils/ofxControlPanel/src/guiTypeLogger.h; sourceTree = SOURCE_ROOT; };
		27E93B301333D594002D43F8 /* guiTypeMultiToggle.cpp */ = {isa = PBXFileReference; fileEncoding = 4; lastKnownFileType = sourcecode.cpp.cpp; name = guiTypeMultiToggle.cpp; path = src/utils/ofxControlPanel/src/guiTypeMultiToggle.cpp; sourceTree = SOURCE_ROOT; };
		27E93B311333D594002D43F8 /* guiTypeMultiToggle.h */ = {isa = PBXFileReference; fileEncoding = 4; lastKnownFileType = sourcecode.c.h; name = guiTypeMultiToggle.h; path = src/utils/ofxControlPanel/src/guiTypeMultiToggle.h; sourceTree = SOURCE_ROOT; };
		27E93B321333D594002D43F8 /* guiTypePanel.cpp */ = {isa = PBXFileReference; fileEncoding = 4; lastKnownFileType = sourcecode.cpp.cpp; name = guiTypePanel.cpp; path = src/utils/ofxControlPanel/src/guiTypePanel.cpp; sourceTree = SOURCE_ROOT; };
		27E93B331333D594002D43F8 /* guiTypePanel.h */ = {isa = PBXFileReference; fileEncoding = 4; lastKnownFileType = sourcecode.c.h; name = guiTypePanel.h; path = src/utils/ofxControlPanel/src/guiTypePanel.h; sourceTree = SOURCE_ROOT; };
		27E93B341333D594002D43F8 /* guiTypeSlider.cpp */ = {isa = PBXFileReference; fileEncoding = 4; lastKnownFileType = sourcecode.cpp.cpp; name = guiTypeSlider.cpp; path = src/utils/ofxControlPanel/src/guiTypeSlider.cpp; sourceTree = SOURCE_ROOT; };
		27E93B351333D594002D43F8 /* guiTypeSlider.h */ = {isa = PBXFileReference; fileEncoding = 4; lastKnownFileType = sourcecode.c.h; name = guiTypeSlider.h; path = src/utils/ofxControlPanel/src/guiTypeSlider.h; sourceTree = SOURCE_ROOT; };
		27E93B361333D594002D43F8 /* guiTypeText.cpp */ = {isa = PBXFileReference; fileEncoding = 4; lastKnownFileType = sourcecode.cpp.cpp; name = guiTypeText.cpp; path = src/utils/ofxControlPanel/src/guiTypeText.cpp; sourceTree = SOURCE_ROOT; };
		27E93B371333D594002D43F8 /* guiTypeText.h */ = {isa = PBXFileReference; fileEncoding = 4; lastKnownFileType = sourcecode.c.h; name = guiTypeText.h; path = src/utils/ofxControlPanel/src/guiTypeText.h; sourceTree = SOURCE_ROOT; };
		27E93B381333D594002D43F8 /* guiTypeTextDropDown.cpp */ = {isa = PBXFileReference; fileEncoding = 4; lastKnownFileType = sourcecode.cpp.cpp; name = guiTypeTextDropDown.cpp; path = src/utils/ofxControlPanel/src/guiTypeTextDropDown.cpp; sourceTree = SOURCE_ROOT; };
		27E93B391333D594002D43F8 /* guiTypeTextDropDown.h */ = {isa = PBXFileReference; fileEncoding = 4; lastKnownFileType = sourcecode.c.h; name = guiTypeTextDropDown.h; path = src/utils/ofxControlPanel/src/guiTypeTextDropDown.h; sourceTree = SOURCE_ROOT; };
		27E93B3A1333D594002D43F8 /* guiTypeTextInput.cpp */ = {isa = PBXFileReference; fileEncoding = 4; lastKnownFileType = sourcecode.cpp.cpp; name = guiTypeTextInput.cpp; path = src/utils/ofxControlPanel/src/guiTypeTextInput.cpp; sourceTree = SOURCE_ROOT; };
		27E93B3B1333D594002D43F8 /* guiTypeTextInput.h */ = {isa = PBXFileReference; fileEncoding = 4; lastKnownFileType = sourcecode.c.h; name = guiTypeTextInput.h; path = src/utils/ofxControlPanel/src/guiTypeTextInput.h; sourceTree = SOURCE_ROOT; };
		27E93B3C1333D594002D43F8 /* guiTypeToggle.cpp */ = {isa = PBXFileReference; fileEncoding = 4; lastKnownFileType = sourcecode.cpp.cpp; name = guiTypeToggle.cpp; path = src/utils/ofxControlPanel/src/guiTypeToggle.cpp; sourceTree = SOURCE_ROOT; };
		27E93B3D1333D594002D43F8 /* guiTypeToggle.h */ = {isa = PBXFileReference; fileEncoding = 4; lastKnownFileType = sourcecode.c.h; name = guiTypeToggle.h; path = src/utils/ofxControlPanel/src/guiTypeToggle.h; sourceTree = SOURCE_ROOT; };
		27E93B3E1333D594002D43F8 /* guiTypeVairableLister.cpp */ = {isa = PBXFileReference; fileEncoding = 4; lastKnownFileType = sourcecode.cpp.cpp; name = guiTypeVairableLister.cpp; path = src/utils/ofxControlPanel/src/guiTypeVairableLister.cpp; sourceTree = SOURCE_ROOT; };
		27E93B3F1333D594002D43F8 /* guiTypeVairableLister.h */ = {isa = PBXFileReference; fileEncoding = 4; lastKnownFileType = sourcecode.c.h; name = guiTypeVairableLister.h; path = src/utils/ofxControlPanel/src/guiTypeVairableLister.h; sourceTree = SOURCE_ROOT; };
		27E93B401333D594002D43F8 /* guiTypeVideo.cpp */ = {isa = PBXFileReference; fileEncoding = 4; lastKnownFileType = sourcecode.cpp.cpp; name = guiTypeVideo.cpp; path = src/utils/ofxControlPanel/src/guiTypeVideo.cpp; sourceTree = SOURCE_ROOT; };
		27E93B411333D594002D43F8 /* guiTypeVideo.h */ = {isa = PBXFileReference; fileEncoding = 4; lastKnownFileType = sourcecode.c.h; name = guiTypeVideo.h; path = src/utils/ofxControlPanel/src/guiTypeVideo.h; sourceTree = SOURCE_ROOT; };
		27E93B421333D594002D43F8 /* guiValue.cpp */ = {isa = PBXFileReference; fileEncoding = 4; lastKnownFileType = sourcecode.cpp.cpp; name = guiValue.cpp; path = src/utils/ofxControlPanel/src/guiValue.cpp; sourceTree = SOURCE_ROOT; };
		27E93B431333D594002D43F8 /* guiValue.h */ = {isa = PBXFileReference; fileEncoding = 4; lastKnownFileType = sourcecode.c.h; name = guiValue.h; path = src/utils/ofxControlPanel/src/guiValue.h; sourceTree = SOURCE_ROOT; };
		27E93B441333D594002D43F8 /* guiVariablePointer.h */ = {isa = PBXFileReference; fileEncoding = 4; lastKnownFileType = sourcecode.c.h; name = guiVariablePointer.h; path = src/utils/ofxControlPanel/src/guiVariablePointer.h; sourceTree = SOURCE_ROOT; };
		27E93B451333D594002D43F8 /* guiXmlValue.h */ = {isa = PBXFileReference; fileEncoding = 4; lastKnownFileType = sourcecode.c.h; name = guiXmlValue.h; path = src/utils/ofxControlPanel/src/guiXmlValue.h; sourceTree = SOURCE_ROOT; };
		27E93B461333D594002D43F8 /* ofxControlPanel.cpp */ = {isa = PBXFileReference; fileEncoding = 4; lastKnownFileType = sourcecode.cpp.cpp; name = ofxControlPanel.cpp; path = src/utils/ofxControlPanel/src/ofxControlPanel.cpp; sourceTree = SOURCE_ROOT; };
		27E93B471333D594002D43F8 /* ofxControlPanel.h */ = {isa = PBXFileReference; fileEncoding = 4; lastKnownFileType = sourcecode.c.h; name = ofxControlPanel.h; path = src/utils/ofxControlPanel/src/ofxControlPanel.h; sourceTree = SOURCE_ROOT; };
		27E93B481333D594002D43F8 /* simpleColor.cpp */ = {isa = PBXFileReference; fileEncoding = 4; lastKnownFileType = sourcecode.cpp.cpp; name = simpleColor.cpp; path = src/utils/ofxControlPanel/src/simpleColor.cpp; sourceTree = SOURCE_ROOT; };
		27E93B491333D594002D43F8 /* simpleColor.h */ = {isa = PBXFileReference; fileEncoding = 4; lastKnownFileType = sourcecode.c.h; name = simpleColor.h; path = src/utils/ofxControlPanel/src/simpleColor.h; sourceTree = SOURCE_ROOT; };
		27E93B4A1333D594002D43F8 /* simpleFileLister.cpp */ = {isa = PBXFileReference; fileEncoding = 4; lastKnownFileType = sourcecode.cpp.cpp; name = simpleFileLister.cpp; path = src/utils/ofxControlPanel/src/simpleFileLister.cpp; sourceTree = SOURCE_ROOT; };
		27E93B4B1333D594002D43F8 /* simpleFileLister.h */ = {isa = PBXFileReference; fileEncoding = 4; lastKnownFileType = sourcecode.c.h; name = simpleFileLister.h; path = src/utils/ofxControlPanel/src/simpleFileLister.h; sourceTree = SOURCE_ROOT; };
		27E93B4C1333D594002D43F8 /* simpleLogger.cpp */ = {isa = PBXFileReference; fileEncoding = 4; lastKnownFileType = sourcecode.cpp.cpp; name = simpleLogger.cpp; path = src/utils/ofxControlPanel/src/simpleLogger.cpp; sourceTree = SOURCE_ROOT; };
		27E93B4D1333D594002D43F8 /* simpleLogger.h */ = {isa = PBXFileReference; fileEncoding = 4; lastKnownFileType = sourcecode.c.h; name = simpleLogger.h; path = src/utils/ofxControlPanel/src/simpleLogger.h; sourceTree = SOURCE_ROOT; };
		27E93B6D1333D649002D43F8 /* install.xml */ = {isa = PBXFileReference; fileEncoding = 4; lastKnownFileType = text.xml; name = install.xml; path = ../../../addons/ofxVectorMath/install.xml; sourceTree = SOURCE_ROOT; };
		27E93B6F1333D649002D43F8 /* ofxMatrix3x3.cpp */ = {isa = PBXFileReference; fileEncoding = 4; lastKnownFileType = sourcecode.cpp.cpp; name = ofxMatrix3x3.cpp; path = ../../../addons/ofxVectorMath/src/ofxMatrix3x3.cpp; sourceTree = SOURCE_ROOT; };
		27E93B701333D649002D43F8 /* ofxMatrix3x3.h */ = {isa = PBXFileReference; fileEncoding = 4; lastKnownFileType = sourcecode.c.h; name = ofxMatrix3x3.h; path = ../../../addons/ofxVectorMath/src/ofxMatrix3x3.h; sourceTree = SOURCE_ROOT; };
		27E93B711333D649002D43F8 /* ofxMatrix4x4.cpp */ = {isa = PBXFileReference; fileEncoding = 4; lastKnownFileType = sourcecode.cpp.cpp; name = ofxMatrix4x4.cpp; path = ../../../addons/ofxVectorMath/src/ofxMatrix4x4.cpp; sourceTree = SOURCE_ROOT; };
		27E93B721333D649002D43F8 /* ofxMatrix4x4.h */ = {isa = PBXFileReference; fileEncoding = 4; lastKnownFileType = sourcecode.c.h; name = ofxMatrix4x4.h; path = ../../../addons/ofxVectorMath/src/ofxMatrix4x4.h; sourceTree = SOURCE_ROOT; };
		27E93B731333D649002D43F8 /* ofxPoint2f.h */ = {isa = PBXFileReference; fileEncoding = 4; lastKnownFileType = sourcecode.c.h; name = ofxPoint2f.h; path = ../../../addons/ofxVectorMath/src/ofxPoint2f.h; sourceTree = SOURCE_ROOT; };
		27E93B741333D649002D43F8 /* ofxPoint3f.h */ = {isa = PBXFileReference; fileEncoding = 4; lastKnownFileType = sourcecode.c.h; name = ofxPoint3f.h; path = ../../../addons/ofxVectorMath/src/ofxPoint3f.h; sourceTree = SOURCE_ROOT; };
		27E93B751333D649002D43F8 /* ofxPoint4f.h */ = {isa = PBXFileReference; fileEncoding = 4; lastKnownFileType = sourcecode.c.h; name = ofxPoint4f.h; path = ../../../addons/ofxVectorMath/src/ofxPoint4f.h; sourceTree = SOURCE_ROOT; };
		27E93B761333D649002D43F8 /* ofxQuaternion.cpp */ = {isa = PBXFileReference; fileEncoding = 4; lastKnownFileType = sourcecode.cpp.cpp; name = ofxQuaternion.cpp; path = ../../../addons/ofxVectorMath/src/ofxQuaternion.cpp; sourceTree = SOURCE_ROOT; };
		27E93B771333D649002D43F8 /* ofxQuaternion.h */ = {isa = PBXFileReference; fileEncoding = 4; lastKnownFileType = sourcecode.c.h; name = ofxQuaternion.h; path = ../../../addons/ofxVectorMath/src/ofxQuaternion.h; sourceTree = SOURCE_ROOT; };
		27E93B781333D649002D43F8 /* ofxVec2f.h */ = {isa = PBXFileReference; fileEncoding = 4; lastKnownFileType = sourcecode.c.h; name = ofxVec2f.h; path = ../../../addons/ofxVectorMath/src/ofxVec2f.h; sourceTree = SOURCE_ROOT; };
		27E93B791333D649002D43F8 /* ofxVec3f.h */ = {isa = PBXFileReference; fileEncoding = 4; lastKnownFileType = sourcecode.c.h; name = ofxVec3f.h; path = ../../../addons/ofxVectorMath/src/ofxVec3f.h; sourceTree = SOURCE_ROOT; };
		27E93B7A1333D649002D43F8 /* ofxVec4f.h */ = {isa = PBXFileReference; fileEncoding = 4; lastKnownFileType = sourcecode.c.h; name = ofxVec4f.h; path = ../../../addons/ofxVectorMath/src/ofxVec4f.h; sourceTree = SOURCE_ROOT; };
		27E93B7B1333D649002D43F8 /* ofxVectorMath.h */ = {isa = PBXFileReference; fileEncoding = 4; lastKnownFileType = sourcecode.c.h; name = ofxVectorMath.h; path = ../../../addons/ofxVectorMath/src/ofxVectorMath.h; sourceTree = SOURCE_ROOT; };
		27E93B851333D6A4002D43F8 /* Instructions.txt */ = {isa = PBXFileReference; fileEncoding = 4; lastKnownFileType = text; name = Instructions.txt; path = ../../../addons/ofxDirList/doc/Instructions.txt; sourceTree = SOURCE_ROOT; };
		27E93B861333D6A4002D43F8 /* install.xml */ = {isa = PBXFileReference; fileEncoding = 4; lastKnownFileType = text.xml; name = install.xml; path = ../../../addons/ofxDirList/install.xml; sourceTree = SOURCE_ROOT; };
		27E93B881333D6A4002D43F8 /* ofxDirList.cpp */ = {isa = PBXFileReference; fileEncoding = 4; lastKnownFileType = sourcecode.cpp.cpp; name = ofxDirList.cpp; path = ../../../addons/ofxDirList/src/ofxDirList.cpp; sourceTree = SOURCE_ROOT; };
		27E93B891333D6A4002D43F8 /* ofxDirList.h */ = {isa = PBXFileReference; fileEncoding = 4; lastKnownFileType = sourcecode.c.h; name = ofxDirList.h; path = ../../../addons/ofxDirList/src/ofxDirList.h; sourceTree = SOURCE_ROOT; };
		27E93B8B1333D6A4002D43F8 /* install.xml */ = {isa = PBXFileReference; fileEncoding = 4; lastKnownFileType = text.xml; name = install.xml; path = ../../../addons/ofxXmlSettings/install.xml; sourceTree = SOURCE_ROOT; };
		27E93B8D1333D6A4002D43F8 /* tinyxml.cpp */ = {isa = PBXFileReference; fileEncoding = 4; lastKnownFileType = sourcecode.cpp.cpp; name = tinyxml.cpp; path = ../../../addons/ofxXmlSettings/libs/tinyxml.cpp; sourceTree = SOURCE_ROOT; };
		27E93B8E1333D6A4002D43F8 /* tinyxml.h */ = {isa = PBXFileReference; fileEncoding = 4; lastKnownFileType = sourcecode.c.h; name = tinyxml.h; path = ../../../addons/ofxXmlSettings/libs/tinyxml.h; sourceTree = SOURCE_ROOT; };
		27E93B8F1333D6A4002D43F8 /* tinyxmlerror.cpp */ = {isa = PBXFileReference; fileEncoding = 4; lastKnownFileType = sourcecode.cpp.cpp; name = tinyxmlerror.cpp; path = ../../../addons/ofxXmlSettings/libs/tinyxmlerror.cpp; sourceTree = SOURCE_ROOT; };
		27E93B901333D6A4002D43F8 /* tinyxmlparser.cpp */ = {isa = PBXFileReference; fileEncoding = 4; lastKnownFileType = sourcecode.cpp.cpp; name = tinyxmlparser.cpp; path = ../../../addons/ofxXmlSettings/libs/tinyxmlparser.cpp; sourceTree = SOURCE_ROOT; };
		27E93B921333D6A4002D43F8 /* ofxXmlSettings.cpp */ = {isa = PBXFileReference; fileEncoding = 4; lastKnownFileType = sourcecode.cpp.cpp; name = ofxXmlSettings.cpp; path = ../../../addons/ofxXmlSettings/src/ofxXmlSettings.cpp; sourceTree = SOURCE_ROOT; };
		27E93B931333D6A4002D43F8 /* ofxXmlSettings.h */ = {isa = PBXFileReference; fileEncoding = 4; lastKnownFileType = sourcecode.c.h; name = ofxXmlSettings.h; path = ../../../addons/ofxXmlSettings/src/ofxXmlSettings.h; sourceTree = SOURCE_ROOT; };
		E45BE0390E8CC647009D7055 /* FreeImage.h */ = {isa = PBXFileReference; fileEncoding = 4; lastKnownFileType = sourcecode.c.h; name = FreeImage.h; path = ../../../libs/freeimage/include/FreeImage.h; sourceTree = SOURCE_ROOT; };
		E45BE03F0E8CC650009D7055 /* fmod.h */ = {isa = PBXFileReference; fileEncoding = 4; lastKnownFileType = sourcecode.c.h; name = fmod.h; path = ../../../libs/fmodex/include/fmod.h; sourceTree = SOURCE_ROOT; };
		E45BE0400E8CC650009D7055 /* fmod.hpp */ = {isa = PBXFileReference; fileEncoding = 4; lastKnownFileType = sourcecode.cpp.h; name = fmod.hpp; path = ../../../libs/fmodex/include/fmod.hpp; sourceTree = SOURCE_ROOT; };
		E45BE0410E8CC650009D7055 /* fmod_codec.h */ = {isa = PBXFileReference; fileEncoding = 4; lastKnownFileType = sourcecode.c.h; name = fmod_codec.h; path = ../../../libs/fmodex/include/fmod_codec.h; sourceTree = SOURCE_ROOT; };
		E45BE0420E8CC650009D7055 /* fmod_dsp.h */ = {isa = PBXFileReference; fileEncoding = 4; lastKnownFileType = sourcecode.c.h; name = fmod_dsp.h; path = ../../../libs/fmodex/include/fmod_dsp.h; sourceTree = SOURCE_ROOT; };
		E45BE0430E8CC650009D7055 /* fmod_errors.h */ = {isa = PBXFileReference; fileEncoding = 4; lastKnownFileType = sourcecode.c.h; name = fmod_errors.h; path = ../../../libs/fmodex/include/fmod_errors.h; sourceTree = SOURCE_ROOT; };
		E45BE0440E8CC650009D7055 /* fmod_output.h */ = {isa = PBXFileReference; fileEncoding = 4; lastKnownFileType = sourcecode.c.h; name = fmod_output.h; path = ../../../libs/fmodex/include/fmod_output.h; sourceTree = SOURCE_ROOT; };
		E45BE0A70E8CC67C009D7055 /* GLee.h */ = {isa = PBXFileReference; fileEncoding = 4; lastKnownFileType = sourcecode.c.h; name = GLee.h; path = ../../../libs/GLee/include/GLee.h; sourceTree = SOURCE_ROOT; };
		E45BE0A90E8CC67C009D7055 /* GLee.a */ = {isa = PBXFileReference; lastKnownFileType = archive.ar; name = GLee.a; path = ../../../libs/GLee/lib/osx/GLee.a; sourceTree = SOURCE_ROOT; };
		E45BE2E00E8CC69C009D7055 /* RtAudio.h */ = {isa = PBXFileReference; fileEncoding = 4; lastKnownFileType = sourcecode.c.h; name = RtAudio.h; path = ../../../libs/rtAudio/include/RtAudio.h; sourceTree = SOURCE_ROOT; };
		E45BE2E10E8CC69C009D7055 /* RtError.h */ = {isa = PBXFileReference; fileEncoding = 4; lastKnownFileType = sourcecode.c.h; name = RtError.h; path = ../../../libs/rtAudio/include/RtError.h; sourceTree = SOURCE_ROOT; };
		E45BE2E30E8CC69C009D7055 /* rtAudio.a */ = {isa = PBXFileReference; lastKnownFileType = archive.ar; name = rtAudio.a; path = ../../../libs/rtAudio/lib/osx/rtAudio.a; sourceTree = SOURCE_ROOT; };
		E45BE9710E8CC7DD009D7055 /* AGL.framework */ = {isa = PBXFileReference; lastKnownFileType = wrapper.framework; name = AGL.framework; path = /System/Library/Frameworks/AGL.framework; sourceTree = "<absolute>"; };
		E45BE9720E8CC7DD009D7055 /* ApplicationServices.framework */ = {isa = PBXFileReference; lastKnownFileType = wrapper.framework; name = ApplicationServices.framework; path = /System/Library/Frameworks/ApplicationServices.framework; sourceTree = "<absolute>"; };
		E45BE9730E8CC7DD009D7055 /* AudioToolbox.framework */ = {isa = PBXFileReference; lastKnownFileType = wrapper.framework; name = AudioToolbox.framework; path = /System/Library/Frameworks/AudioToolbox.framework; sourceTree = "<absolute>"; };
		E45BE9740E8CC7DD009D7055 /* Carbon.framework */ = {isa = PBXFileReference; lastKnownFileType = wrapper.framework; name = Carbon.framework; path = /System/Library/Frameworks/Carbon.framework; sourceTree = "<absolute>"; };
		E45BE9750E8CC7DD009D7055 /* CoreAudio.framework */ = {isa = PBXFileReference; lastKnownFileType = wrapper.framework; name = CoreAudio.framework; path = /System/Library/Frameworks/CoreAudio.framework; sourceTree = "<absolute>"; };
		E45BE9760E8CC7DD009D7055 /* CoreFoundation.framework */ = {isa = PBXFileReference; lastKnownFileType = wrapper.framework; name = CoreFoundation.framework; path = /System/Library/Frameworks/CoreFoundation.framework; sourceTree = "<absolute>"; };
		E45BE9770E8CC7DD009D7055 /* CoreServices.framework */ = {isa = PBXFileReference; lastKnownFileType = wrapper.framework; name = CoreServices.framework; path = /System/Library/Frameworks/CoreServices.framework; sourceTree = "<absolute>"; };
		E45BE9790E8CC7DD009D7055 /* OpenGL.framework */ = {isa = PBXFileReference; lastKnownFileType = wrapper.framework; name = OpenGL.framework; path = /System/Library/Frameworks/OpenGL.framework; sourceTree = "<absolute>"; };
		E45BE97A0E8CC7DD009D7055 /* QuickTime.framework */ = {isa = PBXFileReference; lastKnownFileType = wrapper.framework; name = QuickTime.framework; path = /System/Library/Frameworks/QuickTime.framework; sourceTree = "<absolute>"; };
		E4B69B5B0A3A1756003C02F2 /* emptyExampleDebug.app */ = {isa = PBXFileReference; explicitFileType = wrapper.application; includeInIndex = 0; path = emptyExampleDebug.app; sourceTree = BUILT_PRODUCTS_DIR; };
		E4B69E1D0A3A1BDC003C02F2 /* main.cpp */ = {isa = PBXFileReference; fileEncoding = 30; lastKnownFileType = sourcecode.cpp.cpp; name = main.cpp; path = src/main.cpp; sourceTree = SOURCE_ROOT; };
		E4B69E1E0A3A1BDC003C02F2 /* testApp.cpp */ = {isa = PBXFileReference; explicitFileType = sourcecode.cpp.cpp; fileEncoding = 30; name = testApp.cpp; path = src/testApp.cpp; sourceTree = SOURCE_ROOT; };
		E4B69E1F0A3A1BDC003C02F2 /* testApp.h */ = {isa = PBXFileReference; fileEncoding = 30; lastKnownFileType = sourcecode.c.h; name = testApp.h; path = src/testApp.h; sourceTree = SOURCE_ROOT; };
		E4B6FCAD0C3E899E008CF71C /* openFrameworks-Info.plist */ = {isa = PBXFileReference; fileEncoding = 30; lastKnownFileType = text.plist.xml; path = "openFrameworks-Info.plist"; sourceTree = "<group>"; };
		E4C2421610CC549C004149E2 /* openFrameworksLib.xcodeproj */ = {isa = PBXFileReference; lastKnownFileType = "wrapper.pb-project"; name = openFrameworksLib.xcodeproj; path = ../../../libs/openFrameworksCompiled/project/osx/openFrameworksLib.xcodeproj; sourceTree = SOURCE_ROOT; };
		E4C2424410CC5A17004149E2 /* AppKit.framework */ = {isa = PBXFileReference; lastKnownFileType = wrapper.framework; name = AppKit.framework; path = /System/Library/Frameworks/AppKit.framework; sourceTree = "<absolute>"; };
		E4C2424510CC5A17004149E2 /* Cocoa.framework */ = {isa = PBXFileReference; lastKnownFileType = wrapper.framework; name = Cocoa.framework; path = /System/Library/Frameworks/Cocoa.framework; sourceTree = "<absolute>"; };
		E4C2424610CC5A17004149E2 /* IOKit.framework */ = {isa = PBXFileReference; lastKnownFileType = wrapper.framework; name = IOKit.framework; path = /System/Library/Frameworks/IOKit.framework; sourceTree = "<absolute>"; };
		E4C2425F10CC5A78004149E2 /* GLUT.framework */ = {isa = PBXFileReference; lastKnownFileType = wrapper.framework; name = GLUT.framework; path = ../../../libs/glut/lib/osx/GLUT.framework; sourceTree = SOURCE_ROOT; };
		E4C2427A10CC5B66004149E2 /* CppUnit.a */ = {isa = PBXFileReference; lastKnownFileType = archive.ar; name = CppUnit.a; path = ../../../libs/poco/lib/osx/CppUnit.a; sourceTree = SOURCE_ROOT; };
		E4C2427B10CC5B66004149E2 /* PocoFoundation.a */ = {isa = PBXFileReference; lastKnownFileType = archive.ar; name = PocoFoundation.a; path = ../../../libs/poco/lib/osx/PocoFoundation.a; sourceTree = SOURCE_ROOT; };
		E4C2427C10CC5B66004149E2 /* PocoNet.a */ = {isa = PBXFileReference; lastKnownFileType = archive.ar; name = PocoNet.a; path = ../../../libs/poco/lib/osx/PocoNet.a; sourceTree = SOURCE_ROOT; };
		E4C2427D10CC5B66004149E2 /* PocoUtil.a */ = {isa = PBXFileReference; lastKnownFileType = archive.ar; name = PocoUtil.a; path = ../../../libs/poco/lib/osx/PocoUtil.a; sourceTree = SOURCE_ROOT; };
		E4C2427E10CC5B66004149E2 /* PocoXML.a */ = {isa = PBXFileReference; lastKnownFileType = archive.ar; name = PocoXML.a; path = ../../../libs/poco/lib/osx/PocoXML.a; sourceTree = SOURCE_ROOT; };
		E4C2429310CC5C38004149E2 /* freetype.a */ = {isa = PBXFileReference; lastKnownFileType = archive.ar; name = freetype.a; path = ../../../libs/freetype/lib/osx/freetype.a; sourceTree = SOURCE_ROOT; };
		E4C242CC10CC650E004149E2 /* libfmodex.dylib */ = {isa = PBXFileReference; lastKnownFileType = "compiled.mach-o.dylib"; name = libfmodex.dylib; path = ../../../libs/fmodex/lib/osx/libfmodex.dylib; sourceTree = SOURCE_ROOT; };
		E4C246D910CCAE22004149E2 /* freeimage.a */ = {isa = PBXFileReference; lastKnownFileType = archive.ar; name = freeimage.a; path = ../../../libs/FreeImage/lib/osx/freeimage.a; sourceTree = SOURCE_ROOT; };
/* End PBXFileReference section */

/* Begin PBXFrameworksBuildPhase section */
		E4B69B590A3A1756003C02F2 /* Frameworks */ = {
			isa = PBXFrameworksBuildPhase;
			buildActionMask = 2147483647;
			files = (
				E4C2422B10CC554B004149E2 /* openFrameworksDebug.a in Frameworks */,
				E45BE0AA0E8CC67C009D7055 /* GLee.a in Frameworks */,
				E45BE2E40E8CC69C009D7055 /* rtAudio.a in Frameworks */,
				E45BE97B0E8CC7DD009D7055 /* AGL.framework in Frameworks */,
				E45BE97C0E8CC7DD009D7055 /* ApplicationServices.framework in Frameworks */,
				E45BE97D0E8CC7DD009D7055 /* AudioToolbox.framework in Frameworks */,
				E45BE97E0E8CC7DD009D7055 /* Carbon.framework in Frameworks */,
				E45BE97F0E8CC7DD009D7055 /* CoreAudio.framework in Frameworks */,
				E45BE9800E8CC7DD009D7055 /* CoreFoundation.framework in Frameworks */,
				E45BE9810E8CC7DD009D7055 /* CoreServices.framework in Frameworks */,
				E45BE9830E8CC7DD009D7055 /* OpenGL.framework in Frameworks */,
				E45BE9840E8CC7DD009D7055 /* QuickTime.framework in Frameworks */,
				E4C2424710CC5A17004149E2 /* AppKit.framework in Frameworks */,
				E4C2424810CC5A17004149E2 /* Cocoa.framework in Frameworks */,
				E4C2424910CC5A17004149E2 /* IOKit.framework in Frameworks */,
				E4C2426610CC5A78004149E2 /* GLUT.framework in Frameworks */,
				E4C2427F10CC5B66004149E2 /* CppUnit.a in Frameworks */,
				E4C2428010CC5B66004149E2 /* PocoFoundation.a in Frameworks */,
				E4C2428110CC5B66004149E2 /* PocoNet.a in Frameworks */,
				E4C2428210CC5B66004149E2 /* PocoUtil.a in Frameworks */,
				E4C2428310CC5B66004149E2 /* PocoXML.a in Frameworks */,
				E4C2429410CC5C38004149E2 /* freetype.a in Frameworks */,
				E4C242CD10CC650E004149E2 /* libfmodex.dylib in Frameworks */,
				E4C246DA10CCAE22004149E2 /* freeimage.a in Frameworks */,
			);
			runOnlyForDeploymentPostprocessing = 0;
		};
/* End PBXFrameworksBuildPhase section */

/* Begin PBXGroup section */
		27E93B0E1333D594002D43F8 /* utils */ = {
			isa = PBXGroup;
			children = (
				27E93B0F1333D594002D43F8 /* ofx3dGraphics.cpp */,
				27E93B101333D594002D43F8 /* ofx3dGraphics.h */,
				27E93B111333D594002D43F8 /* ofxControlPanel */,
			);
			name = utils;
			path = src/utils;
			sourceTree = SOURCE_ROOT;
		};
		27E93B111333D594002D43F8 /* ofxControlPanel */ = {
			isa = PBXGroup;
			children = (
				27E93B121333D594002D43F8 /* ofxAutoControlPanel.h */,
				27E93B131333D594002D43F8 /* src */,
			);
			name = ofxControlPanel;
			path = src/utils/ofxControlPanel;
			sourceTree = SOURCE_ROOT;
		};
		27E93B131333D594002D43F8 /* src */ = {
			isa = PBXGroup;
			children = (
				27E93B141333D594002D43F8 /* guiBaseObject.cpp */,
				27E93B151333D594002D43F8 /* guiBaseObject.h */,
				27E93B161333D594002D43F8 /* guiCallback.cpp */,
				27E93B171333D594002D43F8 /* guiCallback.h */,
				27E93B181333D594002D43F8 /* guiCallbackValue.cpp */,
				27E93B191333D594002D43F8 /* guiCallbackValue.h */,
				27E93B1A1333D594002D43F8 /* guiColor.cpp */,
				27E93B1B1333D594002D43F8 /* guiColor.h */,
				27E93B1C1333D594002D43F8 /* guiCustomImpl.h */,
				27E93B1D1333D594002D43F8 /* guiIncludes.h */,
				27E93B1E1333D594002D43F8 /* guiTextBase.cpp */,
				27E93B1F1333D594002D43F8 /* guiTextBase.h */,
				27E93B201333D594002D43F8 /* guiType2DSlider.cpp */,
				27E93B211333D594002D43F8 /* guiType2DSlider.h */,
				27E93B221333D594002D43F8 /* guiTypeButtonSlider.cpp */,
				27E93B231333D594002D43F8 /* guiTypeButtonSlider.h */,
				27E93B241333D594002D43F8 /* guiTypeChartPlotter.cpp */,
				27E93B251333D594002D43F8 /* guiTypeChartPlotter.h */,
				27E93B261333D594002D43F8 /* guiTypeCustom.cpp */,
				27E93B271333D594002D43F8 /* guiTypeCustom.h */,
				27E93B281333D594002D43F8 /* guiTypeDrawable.cpp */,
				27E93B291333D594002D43F8 /* guiTypeDrawable.h */,
				27E93B2A1333D594002D43F8 /* guiTypeFileLister.cpp */,
				27E93B2B1333D594002D43F8 /* guiTypeFileLister.h */,
				27E93B2C1333D594002D43F8 /* guiTypeLabel.cpp */,
				27E93B2D1333D594002D43F8 /* guiTypeLabel.h */,
				27E93B2E1333D594002D43F8 /* guiTypeLogger.cpp */,
				27E93B2F1333D594002D43F8 /* guiTypeLogger.h */,
				27E93B301333D594002D43F8 /* guiTypeMultiToggle.cpp */,
				27E93B311333D594002D43F8 /* guiTypeMultiToggle.h */,
				27E93B321333D594002D43F8 /* guiTypePanel.cpp */,
				27E93B331333D594002D43F8 /* guiTypePanel.h */,
				27E93B341333D594002D43F8 /* guiTypeSlider.cpp */,
				27E93B351333D594002D43F8 /* guiTypeSlider.h */,
				27E93B361333D594002D43F8 /* guiTypeText.cpp */,
				27E93B371333D594002D43F8 /* guiTypeText.h */,
				27E93B381333D594002D43F8 /* guiTypeTextDropDown.cpp */,
				27E93B391333D594002D43F8 /* guiTypeTextDropDown.h */,
				27E93B3A1333D594002D43F8 /* guiTypeTextInput.cpp */,
				27E93B3B1333D594002D43F8 /* guiTypeTextInput.h */,
				27E93B3C1333D594002D43F8 /* guiTypeToggle.cpp */,
				27E93B3D1333D594002D43F8 /* guiTypeToggle.h */,
				27E93B3E1333D594002D43F8 /* guiTypeVairableLister.cpp */,
				27E93B3F1333D594002D43F8 /* guiTypeVairableLister.h */,
				27E93B401333D594002D43F8 /* guiTypeVideo.cpp */,
				27E93B411333D594002D43F8 /* guiTypeVideo.h */,
				27E93B421333D594002D43F8 /* guiValue.cpp */,
				27E93B431333D594002D43F8 /* guiValue.h */,
				27E93B441333D594002D43F8 /* guiVariablePointer.h */,
				27E93B451333D594002D43F8 /* guiXmlValue.h */,
				27E93B461333D594002D43F8 /* ofxControlPanel.cpp */,
				27E93B471333D594002D43F8 /* ofxControlPanel.h */,
				27E93B481333D594002D43F8 /* simpleColor.cpp */,
				27E93B491333D594002D43F8 /* simpleColor.h */,
				27E93B4A1333D594002D43F8 /* simpleFileLister.cpp */,
				27E93B4B1333D594002D43F8 /* simpleFileLister.h */,
				27E93B4C1333D594002D43F8 /* simpleLogger.cpp */,
				27E93B4D1333D594002D43F8 /* simpleLogger.h */,
			);
			name = src;
			path = src/utils/ofxControlPanel/src;
			sourceTree = SOURCE_ROOT;
		};
		27E93B6C1333D649002D43F8 /* ofxVectorMath */ = {
			isa = PBXGroup;
			children = (
				27E93B6D1333D649002D43F8 /* install.xml */,
				27E93B6E1333D649002D43F8 /* src */,
			);
			name = ofxVectorMath;
			path = ../../../addons/ofxVectorMath;
			sourceTree = SOURCE_ROOT;
		};
		27E93B6E1333D649002D43F8 /* src */ = {
			isa = PBXGroup;
			children = (
				27E93B6F1333D649002D43F8 /* ofxMatrix3x3.cpp */,
				27E93B701333D649002D43F8 /* ofxMatrix3x3.h */,
				27E93B711333D649002D43F8 /* ofxMatrix4x4.cpp */,
				27E93B721333D649002D43F8 /* ofxMatrix4x4.h */,
				27E93B731333D649002D43F8 /* ofxPoint2f.h */,
				27E93B741333D649002D43F8 /* ofxPoint3f.h */,
				27E93B751333D649002D43F8 /* ofxPoint4f.h */,
				27E93B761333D649002D43F8 /* ofxQuaternion.cpp */,
				27E93B771333D649002D43F8 /* ofxQuaternion.h */,
				27E93B781333D649002D43F8 /* ofxVec2f.h */,
				27E93B791333D649002D43F8 /* ofxVec3f.h */,
				27E93B7A1333D649002D43F8 /* ofxVec4f.h */,
				27E93B7B1333D649002D43F8 /* ofxVectorMath.h */,
			);
			name = src;
			path = ../../../addons/ofxVectorMath/src;
			sourceTree = SOURCE_ROOT;
		};
		27E93B831333D6A4002D43F8 /* ofxDirList */ = {
			isa = PBXGroup;
			children = (
				27E93B841333D6A4002D43F8 /* doc */,
				27E93B861333D6A4002D43F8 /* install.xml */,
				27E93B871333D6A4002D43F8 /* src */,
			);
			name = ofxDirList;
			path = ../../../addons/ofxDirList;
			sourceTree = SOURCE_ROOT;
		};
		27E93B841333D6A4002D43F8 /* doc */ = {
			isa = PBXGroup;
			children = (
				27E93B851333D6A4002D43F8 /* Instructions.txt */,
			);
			name = doc;
			path = ../../../addons/ofxDirList/doc;
			sourceTree = SOURCE_ROOT;
		};
		27E93B871333D6A4002D43F8 /* src */ = {
			isa = PBXGroup;
			children = (
				27E93B881333D6A4002D43F8 /* ofxDirList.cpp */,
				27E93B891333D6A4002D43F8 /* ofxDirList.h */,
			);
			name = src;
			path = ../../../addons/ofxDirList/src;
			sourceTree = SOURCE_ROOT;
		};
		27E93B8A1333D6A4002D43F8 /* ofxXmlSettings */ = {
			isa = PBXGroup;
			children = (
				27E93B8B1333D6A4002D43F8 /* install.xml */,
				27E93B8C1333D6A4002D43F8 /* libs */,
				27E93B911333D6A4002D43F8 /* src */,
			);
			name = ofxXmlSettings;
			path = ../../../addons/ofxXmlSettings;
			sourceTree = SOURCE_ROOT;
		};
		27E93B8C1333D6A4002D43F8 /* libs */ = {
			isa = PBXGroup;
			children = (
				27E93B8D1333D6A4002D43F8 /* tinyxml.cpp */,
				27E93B8E1333D6A4002D43F8 /* tinyxml.h */,
				27E93B8F1333D6A4002D43F8 /* tinyxmlerror.cpp */,
				27E93B901333D6A4002D43F8 /* tinyxmlparser.cpp */,
			);
			name = libs;
			path = ../../../addons/ofxXmlSettings/libs;
			sourceTree = SOURCE_ROOT;
		};
		27E93B911333D6A4002D43F8 /* src */ = {
			isa = PBXGroup;
			children = (
				27E93B921333D6A4002D43F8 /* ofxXmlSettings.cpp */,
				27E93B931333D6A4002D43F8 /* ofxXmlSettings.h */,
			);
			name = src;
			path = ../../../addons/ofxXmlSettings/src;
			sourceTree = SOURCE_ROOT;
		};
		BB4B014C10F69532006C3DED /* addons */ = {
			isa = PBXGroup;
			children = (
				27E93B831333D6A4002D43F8 /* ofxDirList */,
				27E93B8A1333D6A4002D43F8 /* ofxXmlSettings */,
				27E93B6C1333D649002D43F8 /* ofxVectorMath */,
			);
			name = addons;
			sourceTree = "<group>";
		};
		E45BE0360E8CC5DE009D7055 /* libs */ = {
			isa = PBXGroup;
			children = (
				E45BEED60E8CCB34009D7055 /* core */,
			);
			name = libs;
			sourceTree = "<group>";
		};
		E45BE0370E8CC647009D7055 /* freeimage */ = {
			isa = PBXGroup;
			children = (
				E4C246D810CCAE22004149E2 /* osx */,
				E45BE0380E8CC647009D7055 /* include */,
			);
			name = freeimage;
			path = ../../../libs/freeimage;
			sourceTree = SOURCE_ROOT;
		};
		E45BE0380E8CC647009D7055 /* include */ = {
			isa = PBXGroup;
			children = (
				E45BE0390E8CC647009D7055 /* FreeImage.h */,
			);
			name = include;
			path = ../../../libs/freeimage/include;
			sourceTree = SOURCE_ROOT;
		};
		E45BE03D0E8CC650009D7055 /* fmodex */ = {
			isa = PBXGroup;
			children = (
				E45BE03E0E8CC650009D7055 /* inc */,
				E4C2428E10CC5C18004149E2 /* osx */,
			);
			name = fmodex;
			path = ../../../libs/fmodex;
			sourceTree = SOURCE_ROOT;
		};
		E45BE03E0E8CC650009D7055 /* inc */ = {
			isa = PBXGroup;
			children = (
				E45BE03F0E8CC650009D7055 /* fmod.h */,
				E45BE0400E8CC650009D7055 /* fmod.hpp */,
				E45BE0410E8CC650009D7055 /* fmod_codec.h */,
				E45BE0420E8CC650009D7055 /* fmod_dsp.h */,
				E45BE0430E8CC650009D7055 /* fmod_errors.h */,
				E45BE0440E8CC650009D7055 /* fmod_output.h */,
			);
			name = inc;
			path = ../../../libs/fmodex/include;
			sourceTree = SOURCE_ROOT;
		};
		E45BE0480E8CC657009D7055 /* core libraries */ = {
			isa = PBXGroup;
			children = (
				E4C2425B10CC5A78004149E2 /* glut */,
				E45BEC7B0E8CC911009D7055 /* poco */,
				E45BE2D50E8CC69C009D7055 /* rtAudio */,
				E45BE0A50E8CC67C009D7055 /* GLee */,
				E45BE0490E8CC676009D7055 /* freetype */,
				E45BE03D0E8CC650009D7055 /* fmodex */,
				E45BE0370E8CC647009D7055 /* freeimage */,
			);
			name = "core libraries";
			sourceTree = "<group>";
		};
		E45BE0490E8CC676009D7055 /* freetype */ = {
			isa = PBXGroup;
			children = (
				E4C2429210CC5C38004149E2 /* osx */,
			);
			name = freetype;
			path = ../../../libs/freetype;
			sourceTree = SOURCE_ROOT;
		};
		E45BE0A50E8CC67C009D7055 /* GLee */ = {
			isa = PBXGroup;
			children = (
				E45BE0A60E8CC67C009D7055 /* include */,
				E45BE0A80E8CC67C009D7055 /* lib */,
			);
			name = GLee;
			path = ../../../libs/GLee;
			sourceTree = SOURCE_ROOT;
		};
		E45BE0A60E8CC67C009D7055 /* include */ = {
			isa = PBXGroup;
			children = (
				E45BE0A70E8CC67C009D7055 /* GLee.h */,
			);
			name = include;
			path = ../../../libs/GLee/include;
			sourceTree = SOURCE_ROOT;
		};
		E45BE0A80E8CC67C009D7055 /* lib */ = {
			isa = PBXGroup;
			children = (
				E45BE0A90E8CC67C009D7055 /* GLee.a */,
			);
			name = lib;
			path = ../../../libs/GLee/lib/osx;
			sourceTree = SOURCE_ROOT;
		};
		E45BE2D50E8CC69C009D7055 /* rtAudio */ = {
			isa = PBXGroup;
			children = (
				E45BE2D60E8CC69C009D7055 /* include */,
				E45BE2E20E8CC69C009D7055 /* lib */,
			);
			name = rtAudio;
			path = ../../../libs/rtAudio;
			sourceTree = SOURCE_ROOT;
		};
		E45BE2D60E8CC69C009D7055 /* include */ = {
			isa = PBXGroup;
			children = (
				E45BE2D70E8CC69C009D7055 /* asio */,
				E45BE2E00E8CC69C009D7055 /* RtAudio.h */,
				E45BE2E10E8CC69C009D7055 /* RtError.h */,
			);
			name = include;
			path = ../../../libs/rtAudio/include;
			sourceTree = SOURCE_ROOT;
		};
		E45BE2D70E8CC69C009D7055 /* asio */ = {
			isa = PBXGroup;
			children = (
			);
			name = asio;
			path = ../../../libs/rtAudio/include/asio;
			sourceTree = SOURCE_ROOT;
		};
		E45BE2E20E8CC69C009D7055 /* lib */ = {
			isa = PBXGroup;
			children = (
				E45BE2E30E8CC69C009D7055 /* rtAudio.a */,
			);
			name = lib;
			path = ../../../libs/rtAudio/lib/osx;
			sourceTree = SOURCE_ROOT;
		};
		E45BE5980E8CC70C009D7055 /* core frameworks */ = {
			isa = PBXGroup;
			children = (
				E4C2424410CC5A17004149E2 /* AppKit.framework */,
				E4C2424510CC5A17004149E2 /* Cocoa.framework */,
				E4C2424610CC5A17004149E2 /* IOKit.framework */,
				E45BE9710E8CC7DD009D7055 /* AGL.framework */,
				E45BE9720E8CC7DD009D7055 /* ApplicationServices.framework */,
				E45BE9730E8CC7DD009D7055 /* AudioToolbox.framework */,
				E45BE9740E8CC7DD009D7055 /* Carbon.framework */,
				E45BE9750E8CC7DD009D7055 /* CoreAudio.framework */,
				E45BE9760E8CC7DD009D7055 /* CoreFoundation.framework */,
				E45BE9770E8CC7DD009D7055 /* CoreServices.framework */,
				E45BE9790E8CC7DD009D7055 /* OpenGL.framework */,
				E45BE97A0E8CC7DD009D7055 /* QuickTime.framework */,
			);
			name = "core frameworks";
			sourceTree = "<group>";
		};
		E45BEC7B0E8CC911009D7055 /* poco */ = {
			isa = PBXGroup;
			children = (
				E4C2427910CC5B66004149E2 /* osx */,
			);
			name = poco;
			path = ../../../libs/poco;
			sourceTree = SOURCE_ROOT;
		};
		E45BEED60E8CCB34009D7055 /* core */ = {
			isa = PBXGroup;
			children = (
				E45BE0480E8CC657009D7055 /* core libraries */,
				E45BE5980E8CC70C009D7055 /* core frameworks */,
			);
			name = core;
			sourceTree = "<group>";
		};
		E4B69B4A0A3A1720003C02F2 = {
			isa = PBXGroup;
			children = (
				E4B69B5B0A3A1756003C02F2 /* emptyExampleDebug.app */,
				E4B6FCAD0C3E899E008CF71C /* openFrameworks-Info.plist */,
				E4B69E1C0A3A1BDC003C02F2 /* src */,
				E4C2422310CC54B6004149E2 /* openFrameworks */,
				BB4B014C10F69532006C3DED /* addons */,
				E45BE0360E8CC5DE009D7055 /* libs */,
			);
			sourceTree = "<group>";
		};
		E4B69E1C0A3A1BDC003C02F2 /* src */ = {
			isa = PBXGroup;
			children = (
				27E93B0E1333D594002D43F8 /* utils */,
				E4B69E1D0A3A1BDC003C02F2 /* main.cpp */,
				E4B69E1E0A3A1BDC003C02F2 /* testApp.cpp */,
				E4B69E1F0A3A1BDC003C02F2 /* testApp.h */,
			);
			path = src;
			sourceTree = SOURCE_ROOT;
		};
		E4C2421710CC549C004149E2 /* Products */ = {
			isa = PBXGroup;
			children = (
				E4C2421E10CC549C004149E2 /* openFrameworksDebug.a */,
			);
			name = Products;
			sourceTree = "<group>";
		};
		E4C2422310CC54B6004149E2 /* openFrameworks */ = {
			isa = PBXGroup;
			children = (
				E4C2421610CC549C004149E2 /* openFrameworksLib.xcodeproj */,
			);
			name = openFrameworks;
			sourceTree = "<group>";
		};
		E4C2425B10CC5A78004149E2 /* glut */ = {
			isa = PBXGroup;
			children = (
				E4C2425D10CC5A78004149E2 /* lib */,
			);
			name = glut;
			path = ../../../libs/glut;
			sourceTree = SOURCE_ROOT;
		};
		E4C2425D10CC5A78004149E2 /* lib */ = {
			isa = PBXGroup;
			children = (
				E4C2425E10CC5A78004149E2 /* osx */,
			);
			name = lib;
			path = ../../../libs/glut/lib;
			sourceTree = SOURCE_ROOT;
		};
		E4C2425E10CC5A78004149E2 /* osx */ = {
			isa = PBXGroup;
			children = (
				E4C2425F10CC5A78004149E2 /* GLUT.framework */,
			);
			name = osx;
			path = ../../../libs/glut/lib/osx;
			sourceTree = SOURCE_ROOT;
		};
		E4C2427910CC5B66004149E2 /* osx */ = {
			isa = PBXGroup;
			children = (
				E4C2427A10CC5B66004149E2 /* CppUnit.a */,
				E4C2427B10CC5B66004149E2 /* PocoFoundation.a */,
				E4C2427C10CC5B66004149E2 /* PocoNet.a */,
				E4C2427D10CC5B66004149E2 /* PocoUtil.a */,
				E4C2427E10CC5B66004149E2 /* PocoXML.a */,
			);
			name = osx;
			path = ../../../libs/poco/lib/osx;
			sourceTree = SOURCE_ROOT;
		};
		E4C2428E10CC5C18004149E2 /* osx */ = {
			isa = PBXGroup;
			children = (
				E4C242CC10CC650E004149E2 /* libfmodex.dylib */,
			);
			name = osx;
			path = ../../../libs/fmodex/lib/osx;
			sourceTree = SOURCE_ROOT;
		};
		E4C2429210CC5C38004149E2 /* osx */ = {
			isa = PBXGroup;
			children = (
				E4C2429310CC5C38004149E2 /* freetype.a */,
			);
			name = osx;
			path = ../../../libs/freetype/lib/osx;
			sourceTree = SOURCE_ROOT;
		};
		E4C246D810CCAE22004149E2 /* osx */ = {
			isa = PBXGroup;
			children = (
				E4C246D910CCAE22004149E2 /* freeimage.a */,
			);
			name = osx;
			path = ../../../libs/FreeImage/lib/osx;
			sourceTree = SOURCE_ROOT;
		};
/* End PBXGroup section */

/* Begin PBXNativeTarget section */
		E4B69B5A0A3A1756003C02F2 /* emptyExample */ = {
			isa = PBXNativeTarget;
			buildConfigurationList = E4B69B5F0A3A1757003C02F2 /* Build configuration list for PBXNativeTarget "emptyExample" */;
			buildPhases = (
				E4B69B580A3A1756003C02F2 /* Sources */,
				E4B69B590A3A1756003C02F2 /* Frameworks */,
				E4B6FFFD0C3F9AB9008CF71C /* ShellScript */,
				E4C2427710CC5ABF004149E2 /* CopyFiles */,
				E4C2444710CC769B004149E2 /* CopyFiles */,
			);
			buildRules = (
			);
			dependencies = (
				E4C2422810CC54DA004149E2 /* PBXTargetDependency */,
			);
			name = emptyExample;
			productName = myOFApp;
			productReference = E4B69B5B0A3A1756003C02F2 /* emptyExampleDebug.app */;
			productType = "com.apple.product-type.application";
		};
/* End PBXNativeTarget section */

/* Begin PBXProject section */
		E4B69B4C0A3A1720003C02F2 /* Project object */ = {
			isa = PBXProject;
			buildConfigurationList = E4B69B4D0A3A1720003C02F2 /* Build configuration list for PBXProject "emptyExample" */;
			compatibilityVersion = "Xcode 2.4";
			hasScannedForEncodings = 0;
			mainGroup = E4B69B4A0A3A1720003C02F2;
			productRefGroup = E4B69B4A0A3A1720003C02F2;
			projectDirPath = "";
			projectReferences = (
				{
					ProductGroup = E4C2421710CC549C004149E2 /* Products */;
					ProjectRef = E4C2421610CC549C004149E2 /* openFrameworksLib.xcodeproj */;
				},
			);
			projectRoot = "";
			targets = (
				E4B69B5A0A3A1756003C02F2 /* emptyExample */,
			);
		};
/* End PBXProject section */

/* Begin PBXReferenceProxy section */
		E4C2421E10CC549C004149E2 /* openFrameworksDebug.a */ = {
			isa = PBXReferenceProxy;
			fileType = archive.ar;
			path = openFrameworksDebug.a;
			remoteRef = E4C2421D10CC549C004149E2 /* PBXContainerItemProxy */;
			sourceTree = BUILT_PRODUCTS_DIR;
		};
/* End PBXReferenceProxy section */

/* Begin PBXShellScriptBuildPhase section */
		E4B6FFFD0C3F9AB9008CF71C /* ShellScript */ = {
			isa = PBXShellScriptBuildPhase;
			buildActionMask = 2147483647;
			files = (
			);
			inputPaths = (
			);
			outputPaths = (
			);
			runOnlyForDeploymentPostprocessing = 0;
			shellPath = /bin/sh;
			shellScript = "cp -f ../../../libs/fmodex/lib/osx/libfmodex.dylib \"$TARGET_BUILD_DIR/$PRODUCT_NAME.app/Contents/MacOS/libfmodex.dylib\"\ninstall_name_tool -change ./libfmodex.dylib @executable_path/libfmodex.dylib \"$TARGET_BUILD_DIR/$PRODUCT_NAME.app/Contents/MacOS/$PRODUCT_NAME\" ";
		};
/* End PBXShellScriptBuildPhase section */

/* Begin PBXSourcesBuildPhase section */
		E4B69B580A3A1756003C02F2 /* Sources */ = {
			isa = PBXSourcesBuildPhase;
			buildActionMask = 2147483647;
			files = (
				E4B69E200A3A1BDC003C02F2 /* main.cpp in Sources */,
				E4B69E210A3A1BDC003C02F2 /* testApp.cpp in Sources */,
				27E93B4E1333D594002D43F8 /* ofx3dGraphics.cpp in Sources */,
				27E93B4F1333D594002D43F8 /* guiBaseObject.cpp in Sources */,
				27E93B501333D594002D43F8 /* guiCallback.cpp in Sources */,
				27E93B511333D594002D43F8 /* guiCallbackValue.cpp in Sources */,
				27E93B521333D594002D43F8 /* guiColor.cpp in Sources */,
				27E93B531333D594002D43F8 /* guiTextBase.cpp in Sources */,
				27E93B541333D594002D43F8 /* guiType2DSlider.cpp in Sources */,
				27E93B551333D594002D43F8 /* guiTypeButtonSlider.cpp in Sources */,
				27E93B561333D594002D43F8 /* guiTypeChartPlotter.cpp in Sources */,
				27E93B571333D594002D43F8 /* guiTypeCustom.cpp in Sources */,
				27E93B581333D594002D43F8 /* guiTypeDrawable.cpp in Sources */,
				27E93B591333D594002D43F8 /* guiTypeFileLister.cpp in Sources */,
				27E93B5A1333D594002D43F8 /* guiTypeLabel.cpp in Sources */,
				27E93B5B1333D594002D43F8 /* guiTypeLogger.cpp in Sources */,
				27E93B5C1333D594002D43F8 /* guiTypeMultiToggle.cpp in Sources */,
				27E93B5D1333D594002D43F8 /* guiTypePanel.cpp in Sources */,
				27E93B5E1333D594002D43F8 /* guiTypeSlider.cpp in Sources */,
				27E93B5F1333D594002D43F8 /* guiTypeText.cpp in Sources */,
				27E93B601333D594002D43F8 /* guiTypeTextDropDown.cpp in Sources */,
				27E93B611333D594002D43F8 /* guiTypeTextInput.cpp in Sources */,
				27E93B621333D594002D43F8 /* guiTypeToggle.cpp in Sources */,
				27E93B631333D594002D43F8 /* guiTypeVairableLister.cpp in Sources */,
				27E93B641333D594002D43F8 /* guiTypeVideo.cpp in Sources */,
				27E93B651333D594002D43F8 /* guiValue.cpp in Sources */,
				27E93B661333D594002D43F8 /* ofxControlPanel.cpp in Sources */,
				27E93B671333D594002D43F8 /* simpleColor.cpp in Sources */,
				27E93B681333D594002D43F8 /* simpleFileLister.cpp in Sources */,
				27E93B691333D594002D43F8 /* simpleLogger.cpp in Sources */,
				27E93B7C1333D649002D43F8 /* ofxMatrix3x3.cpp in Sources */,
				27E93B7D1333D649002D43F8 /* ofxMatrix4x4.cpp in Sources */,
				27E93B7E1333D649002D43F8 /* ofxQuaternion.cpp in Sources */,
				27E93B941333D6A4002D43F8 /* ofxDirList.cpp in Sources */,
				27E93B951333D6A4002D43F8 /* tinyxml.cpp in Sources */,
				27E93B961333D6A4002D43F8 /* tinyxmlerror.cpp in Sources */,
				27E93B971333D6A4002D43F8 /* tinyxmlparser.cpp in Sources */,
				27E93B981333D6A4002D43F8 /* ofxXmlSettings.cpp in Sources */,
			);
			runOnlyForDeploymentPostprocessing = 0;
		};
/* End PBXSourcesBuildPhase section */

/* Begin PBXTargetDependency section */
		E4C2422810CC54DA004149E2 /* PBXTargetDependency */ = {
			isa = PBXTargetDependency;
			name = openFrameworks;
			targetProxy = E4C2422710CC54DA004149E2 /* PBXContainerItemProxy */;
		};
/* End PBXTargetDependency section */

/* Begin XCBuildConfiguration section */
		E4B27CA010CBF8A600536013 /* ReleaseUniversal */ = {
			isa = XCBuildConfiguration;
			buildSettings = {
				ARCHS = (
					ppc,
					i386,
				);
				CONFIGURATION_BUILD_DIR = "$(SRCROOT)/bin/";
				COPY_PHASE_STRIP = YES;
				DEAD_CODE_STRIPPING = YES;
				GCC_AUTO_VECTORIZATION = YES;
				GCC_ENABLE_SSE3_EXTENSIONS = YES;
				GCC_ENABLE_SUPPLEMENTAL_SSE3_INSTRUCTIONS = YES;
				GCC_INLINES_ARE_PRIVATE_EXTERN = NO;
				GCC_MODEL_TUNING = G5;
				GCC_OPTIMIZATION_LEVEL = 3;
				GCC_SYMBOLS_PRIVATE_EXTERN = NO;
				GCC_UNROLL_LOOPS = YES;
				GCC_WARN_ABOUT_DEPRECATED_FUNCTIONS = NO;
				GCC_WARN_ABOUT_INVALID_OFFSETOF_MACRO = NO;
				GCC_WARN_ALLOW_INCOMPLETE_PROTOCOL = NO;
				GCC_WARN_UNINITIALIZED_AUTOS = NO;
				GCC_WARN_UNUSED_VALUE = NO;
				GCC_WARN_UNUSED_VARIABLE = NO;
				HEADER_SEARCH_PATHS = (
					"../../../libs/openFrameworks/**",
					../../../libs/freetype/include/,
					../../../libs/freetype/include/freetype2,
					../../../libs/poco/include,
					../../../addons/,
				);
				OTHER_CPLUSPLUSFLAGS = (
					"-D__MACOSX_CORE__",
					"-lpthread",
				);
				OTHER_LDFLAGS = "";
			};
			name = ReleaseUniversal;
		};
		E4B27CA110CBF8A600536013 /* ReleaseUniversal */ = {
			isa = XCBuildConfiguration;
			buildSettings = {
				COPY_PHASE_STRIP = YES;
				FRAMEWORK_SEARCH_PATHS = (
					"$(inherited)",
					"$(FRAMEWORK_SEARCH_PATHS_QUOTED_FOR_TARGET_1)",
				);
				FRAMEWORK_SEARCH_PATHS_QUOTED_FOR_TARGET_1 = "\"$(SRCROOT)/../../../libs/glut/lib/osx\"";
				GCC_ENABLE_FIX_AND_CONTINUE = NO;
				GCC_GENERATE_DEBUGGING_SYMBOLS = NO;
				GCC_MODEL_TUNING = G4;
				GCC_PRECOMPILE_PREFIX_HEADER = YES;
				GCC_PREFIX_HEADER = "$(SYSTEM_LIBRARY_DIR)/Frameworks/Carbon.framework/Headers/Carbon.h";
				INFOPLIST_FILE = "openFrameworks-Info.plist";
				INSTALL_PATH = "$(HOME)/Applications";
				LIBRARY_SEARCH_PATHS = (
					"$(inherited)",
					"$(LIBRARY_SEARCH_PATHS_QUOTED_FOR_TARGET_1)",
					"$(LIBRARY_SEARCH_PATHS_QUOTED_FOR_TARGET_2)",
					"$(LIBRARY_SEARCH_PATHS_QUOTED_FOR_TARGET_3)",
					"$(LIBRARY_SEARCH_PATHS_QUOTED_FOR_TARGET_4)",
					"$(LIBRARY_SEARCH_PATHS_QUOTED_FOR_TARGET_5)",
					"$(LIBRARY_SEARCH_PATHS_QUOTED_FOR_TARGET_6)",
					"$(LIBRARY_SEARCH_PATHS_QUOTED_FOR_TARGET_7)",
					"$(LIBRARY_SEARCH_PATHS_QUOTED_FOR_TARGET_8)",
					"$(LIBRARY_SEARCH_PATHS_QUOTED_FOR_TARGET_9)",
					"$(LIBRARY_SEARCH_PATHS_QUOTED_FOR_TARGET_10)",
					"$(LIBRARY_SEARCH_PATHS_QUOTED_FOR_TARGET_11)",
					"$(LIBRARY_SEARCH_PATHS_QUOTED_FOR_TARGET_12)",
					"$(LIBRARY_SEARCH_PATHS_QUOTED_FOR_TARGET_13)",
					"$(LIBRARY_SEARCH_PATHS_QUOTED_FOR_TARGET_14)",
					"$(LIBRARY_SEARCH_PATHS_QUOTED_FOR_TARGET_15)",
					"$(LIBRARY_SEARCH_PATHS_QUOTED_FOR_TARGET_2)",
				);
				LIBRARY_SEARCH_PATHS_QUOTED_FOR_TARGET_1 = "\"$(SRCROOT)/../../../libs/freeimage/lib/osx\"";
				LIBRARY_SEARCH_PATHS_QUOTED_FOR_TARGET_14 = "\"$(SRCROOT)/../../../libs/fmodex/lib/osx\"";
				LIBRARY_SEARCH_PATHS_QUOTED_FOR_TARGET_15 = "\"$(SRCROOT)/../../../libs/freetype/lib/osx\"";
				LIBRARY_SEARCH_PATHS_QUOTED_FOR_TARGET_2 = "\"$(SRCROOT)/../../../libs/FreeImage/lib/osx\"";
				LIBRARY_SEARCH_PATHS_QUOTED_FOR_TARGET_4 = "\"$(SRCROOT)/../../../libs/GLee/lib/osx\"";
				LIBRARY_SEARCH_PATHS_QUOTED_FOR_TARGET_5 = "\"$(SRCROOT)/../../../libs/poco/lib/osx\"";
				LIBRARY_SEARCH_PATHS_QUOTED_FOR_TARGET_6 = "\"$(SRCROOT)/../../../libs/rtAudio/lib/osx\"";
				PREBINDING = NO;
				PRODUCT_NAME = "$(TARGET_NAME)Universal";
				WRAPPER_EXTENSION = app;
				ZERO_LINK = NO;
			};
			name = ReleaseUniversal;
		};
		E4B69B4E0A3A1720003C02F2 /* Debug */ = {
			isa = XCBuildConfiguration;
			buildSettings = {
				ARCHS = "$(NATIVE_ARCH)";
				CONFIGURATION_BUILD_DIR = "$(SRCROOT)/bin/";
				COPY_PHASE_STRIP = NO;
				DEAD_CODE_STRIPPING = YES;
				GCC_AUTO_VECTORIZATION = YES;
				GCC_ENABLE_SSE3_EXTENSIONS = YES;
				GCC_ENABLE_SUPPLEMENTAL_SSE3_INSTRUCTIONS = YES;
				GCC_INLINES_ARE_PRIVATE_EXTERN = NO;
				GCC_MODEL_TUNING = G5;
				GCC_SYMBOLS_PRIVATE_EXTERN = NO;
				GCC_WARN_ABOUT_DEPRECATED_FUNCTIONS = NO;
				GCC_WARN_ABOUT_INVALID_OFFSETOF_MACRO = NO;
				GCC_WARN_ALLOW_INCOMPLETE_PROTOCOL = NO;
				GCC_WARN_UNINITIALIZED_AUTOS = NO;
				GCC_WARN_UNUSED_VALUE = NO;
				GCC_WARN_UNUSED_VARIABLE = NO;
				HEADER_SEARCH_PATHS = (
					"../../../libs/openFrameworks/**",
					../../../libs/freetype/include/,
					../../../libs/freetype/include/freetype2,
					../../../libs/poco/include,
					../../../addons/,
				);
				OTHER_CPLUSPLUSFLAGS = (
					"-D__MACOSX_CORE__",
					"-lpthread",
				);
				OTHER_LDFLAGS = "";
			};
			name = Debug;
		};
		E4B69B4F0A3A1720003C02F2 /* Release */ = {
			isa = XCBuildConfiguration;
			buildSettings = {
				ARCHS = "$(NATIVE_ARCH)";
				CONFIGURATION_BUILD_DIR = "$(SRCROOT)/bin/";
				COPY_PHASE_STRIP = YES;
				DEAD_CODE_STRIPPING = YES;
				GCC_AUTO_VECTORIZATION = YES;
				GCC_ENABLE_SSE3_EXTENSIONS = YES;
				GCC_ENABLE_SUPPLEMENTAL_SSE3_INSTRUCTIONS = YES;
				GCC_INLINES_ARE_PRIVATE_EXTERN = NO;
				GCC_MODEL_TUNING = G5;
				GCC_OPTIMIZATION_LEVEL = 3;
				GCC_SYMBOLS_PRIVATE_EXTERN = NO;
				GCC_UNROLL_LOOPS = YES;
				GCC_WARN_ABOUT_DEPRECATED_FUNCTIONS = NO;
				GCC_WARN_ABOUT_INVALID_OFFSETOF_MACRO = NO;
				GCC_WARN_ALLOW_INCOMPLETE_PROTOCOL = NO;
				GCC_WARN_UNINITIALIZED_AUTOS = NO;
				GCC_WARN_UNUSED_VALUE = NO;
				GCC_WARN_UNUSED_VARIABLE = NO;
				HEADER_SEARCH_PATHS = (
					"../../../libs/openFrameworks/**",
					../../../libs/freetype/include/,
					../../../libs/freetype/include/freetype2,
					../../../libs/poco/include,
					../../../addons/,
				);
				OTHER_CPLUSPLUSFLAGS = (
					"-D__MACOSX_CORE__",
					"-lpthread",
				);
				OTHER_LDFLAGS = "";
			};
			name = Release;
		};
		E4B69B600A3A1757003C02F2 /* Debug */ = {
			isa = XCBuildConfiguration;
			buildSettings = {
				COPY_PHASE_STRIP = NO;
				FRAMEWORK_SEARCH_PATHS = (
					"$(inherited)",
					"$(FRAMEWORK_SEARCH_PATHS_QUOTED_FOR_TARGET_1)",
				);
				FRAMEWORK_SEARCH_PATHS_QUOTED_FOR_TARGET_1 = "\"$(SRCROOT)/../../../libs/glut/lib/osx\"";
				GCC_DYNAMIC_NO_PIC = NO;
				GCC_ENABLE_FIX_AND_CONTINUE = YES;
				GCC_GENERATE_DEBUGGING_SYMBOLS = YES;
				GCC_MODEL_TUNING = G4;
				GCC_OPTIMIZATION_LEVEL = 0;
				GCC_PRECOMPILE_PREFIX_HEADER = YES;
				GCC_PREFIX_HEADER = "$(SYSTEM_LIBRARY_DIR)/Frameworks/Carbon.framework/Headers/Carbon.h";
				INFOPLIST_FILE = "openFrameworks-Info.plist";
				INSTALL_PATH = "$(HOME)/Applications";
				LIBRARY_SEARCH_PATHS = (
					"$(inherited)",
					"$(LIBRARY_SEARCH_PATHS_QUOTED_FOR_TARGET_1)",
					"$(LIBRARY_SEARCH_PATHS_QUOTED_FOR_TARGET_2)",
					"$(LIBRARY_SEARCH_PATHS_QUOTED_FOR_TARGET_3)",
					"$(LIBRARY_SEARCH_PATHS_QUOTED_FOR_TARGET_4)",
					"$(LIBRARY_SEARCH_PATHS_QUOTED_FOR_TARGET_5)",
					"$(LIBRARY_SEARCH_PATHS_QUOTED_FOR_TARGET_6)",
					"$(LIBRARY_SEARCH_PATHS_QUOTED_FOR_TARGET_7)",
					"$(LIBRARY_SEARCH_PATHS_QUOTED_FOR_TARGET_8)",
					"$(LIBRARY_SEARCH_PATHS_QUOTED_FOR_TARGET_9)",
					"$(LIBRARY_SEARCH_PATHS_QUOTED_FOR_TARGET_10)",
					"$(LIBRARY_SEARCH_PATHS_QUOTED_FOR_TARGET_11)",
					"$(LIBRARY_SEARCH_PATHS_QUOTED_FOR_TARGET_12)",
					"$(LIBRARY_SEARCH_PATHS_QUOTED_FOR_TARGET_13)",
					"$(LIBRARY_SEARCH_PATHS_QUOTED_FOR_TARGET_14)",
					"$(LIBRARY_SEARCH_PATHS_QUOTED_FOR_TARGET_15)",
					"$(LIBRARY_SEARCH_PATHS_QUOTED_FOR_TARGET_2)",
				);
				LIBRARY_SEARCH_PATHS_QUOTED_FOR_TARGET_1 = "\"$(SRCROOT)/../../../libs/freeimage/lib/osx\"";
				LIBRARY_SEARCH_PATHS_QUOTED_FOR_TARGET_14 = "\"$(SRCROOT)/../../../libs/fmodex/lib/osx\"";
				LIBRARY_SEARCH_PATHS_QUOTED_FOR_TARGET_15 = "\"$(SRCROOT)/../../../libs/freetype/lib/osx\"";
				LIBRARY_SEARCH_PATHS_QUOTED_FOR_TARGET_2 = "\"$(SRCROOT)/../../../libs/FreeImage/lib/osx\"";
				LIBRARY_SEARCH_PATHS_QUOTED_FOR_TARGET_4 = "\"$(SRCROOT)/../../../libs/GLee/lib/osx\"";
				LIBRARY_SEARCH_PATHS_QUOTED_FOR_TARGET_5 = "\"$(SRCROOT)/../../../libs/poco/lib/osx\"";
				LIBRARY_SEARCH_PATHS_QUOTED_FOR_TARGET_6 = "\"$(SRCROOT)/../../../libs/rtAudio/lib/osx\"";
				PREBINDING = NO;
				PRODUCT_NAME = "$(TARGET_NAME)Debug";
				WRAPPER_EXTENSION = app;
				ZERO_LINK = NO;
			};
			name = Debug;
		};
		E4B69B610A3A1757003C02F2 /* Release */ = {
			isa = XCBuildConfiguration;
			buildSettings = {
				COPY_PHASE_STRIP = YES;
				FRAMEWORK_SEARCH_PATHS = (
					"$(inherited)",
					"$(FRAMEWORK_SEARCH_PATHS_QUOTED_FOR_TARGET_1)",
				);
				FRAMEWORK_SEARCH_PATHS_QUOTED_FOR_TARGET_1 = "\"$(SRCROOT)/../../../libs/glut/lib/osx\"";
				GCC_ENABLE_FIX_AND_CONTINUE = NO;
				GCC_GENERATE_DEBUGGING_SYMBOLS = NO;
				GCC_MODEL_TUNING = G4;
				GCC_PRECOMPILE_PREFIX_HEADER = YES;
				GCC_PREFIX_HEADER = "$(SYSTEM_LIBRARY_DIR)/Frameworks/Carbon.framework/Headers/Carbon.h";
				INFOPLIST_FILE = "openFrameworks-Info.plist";
				INSTALL_PATH = "$(HOME)/Applications";
				LIBRARY_SEARCH_PATHS = (
					"$(inherited)",
					"$(LIBRARY_SEARCH_PATHS_QUOTED_FOR_TARGET_1)",
					"$(LIBRARY_SEARCH_PATHS_QUOTED_FOR_TARGET_2)",
					"$(LIBRARY_SEARCH_PATHS_QUOTED_FOR_TARGET_3)",
					"$(LIBRARY_SEARCH_PATHS_QUOTED_FOR_TARGET_4)",
					"$(LIBRARY_SEARCH_PATHS_QUOTED_FOR_TARGET_5)",
					"$(LIBRARY_SEARCH_PATHS_QUOTED_FOR_TARGET_6)",
					"$(LIBRARY_SEARCH_PATHS_QUOTED_FOR_TARGET_7)",
					"$(LIBRARY_SEARCH_PATHS_QUOTED_FOR_TARGET_8)",
					"$(LIBRARY_SEARCH_PATHS_QUOTED_FOR_TARGET_9)",
					"$(LIBRARY_SEARCH_PATHS_QUOTED_FOR_TARGET_10)",
					"$(LIBRARY_SEARCH_PATHS_QUOTED_FOR_TARGET_11)",
					"$(LIBRARY_SEARCH_PATHS_QUOTED_FOR_TARGET_12)",
					"$(LIBRARY_SEARCH_PATHS_QUOTED_FOR_TARGET_13)",
					"$(LIBRARY_SEARCH_PATHS_QUOTED_FOR_TARGET_14)",
					"$(LIBRARY_SEARCH_PATHS_QUOTED_FOR_TARGET_15)",
					"$(LIBRARY_SEARCH_PATHS_QUOTED_FOR_TARGET_2)",
				);
				LIBRARY_SEARCH_PATHS_QUOTED_FOR_TARGET_1 = "\"$(SRCROOT)/../../../libs/freeimage/lib/osx\"";
				LIBRARY_SEARCH_PATHS_QUOTED_FOR_TARGET_14 = "\"$(SRCROOT)/../../../libs/fmodex/lib/osx\"";
				LIBRARY_SEARCH_PATHS_QUOTED_FOR_TARGET_15 = "\"$(SRCROOT)/../../../libs/freetype/lib/osx\"";
				LIBRARY_SEARCH_PATHS_QUOTED_FOR_TARGET_2 = "\"$(SRCROOT)/../../../libs/FreeImage/lib/osx\"";
				LIBRARY_SEARCH_PATHS_QUOTED_FOR_TARGET_4 = "\"$(SRCROOT)/../../../libs/GLee/lib/osx\"";
				LIBRARY_SEARCH_PATHS_QUOTED_FOR_TARGET_5 = "\"$(SRCROOT)/../../../libs/poco/lib/osx\"";
				LIBRARY_SEARCH_PATHS_QUOTED_FOR_TARGET_6 = "\"$(SRCROOT)/../../../libs/rtAudio/lib/osx\"";
				PREBINDING = NO;
				PRODUCT_NAME = "$(TARGET_NAME)";
				WRAPPER_EXTENSION = app;
				ZERO_LINK = NO;
			};
			name = Release;
		};
/* End XCBuildConfiguration section */

/* Begin XCConfigurationList section */
		E4B69B4D0A3A1720003C02F2 /* Build configuration list for PBXProject "emptyExample" */ = {
			isa = XCConfigurationList;
			buildConfigurations = (
				E4B69B4E0A3A1720003C02F2 /* Debug */,
				E4B69B4F0A3A1720003C02F2 /* Release */,
				E4B27CA010CBF8A600536013 /* ReleaseUniversal */,
			);
			defaultConfigurationIsVisible = 0;
			defaultConfigurationName = Release;
		};
		E4B69B5F0A3A1757003C02F2 /* Build configuration list for PBXNativeTarget "emptyExample" */ = {
			isa = XCConfigurationList;
			buildConfigurations = (
				E4B69B600A3A1757003C02F2 /* Debug */,
				E4B69B610A3A1757003C02F2 /* Release */,
				E4B27CA110CBF8A600536013 /* ReleaseUniversal */,
			);
			defaultConfigurationIsVisible = 0;
			defaultConfigurationName = Release;
		};
/* End XCConfigurationList section */
	};
	rootObject = E4B69B4C0A3A1720003C02F2 /* Project object */;
}
